// !$*UTF8*$!
{
	archiveVersion = 1;
	classes = {
	};
	objectVersion = 77;
	objects = {

/* Begin PBXContainerItemProxy section */
		5E9BC30D2D5AD96F005A7ADF /* PBXContainerItemProxy */ = {
			isa = PBXContainerItemProxy;
			containerPortal = 5E9BC2F42D5AD96D005A7ADF /* Project object */;
			proxyType = 1;
			remoteGlobalIDString = 5E9BC2FB2D5AD96D005A7ADF;
			remoteInfo = 0211_SwiftUIEx01;
		};
		5E9BC3172D5AD96F005A7ADF /* PBXContainerItemProxy */ = {
			isa = PBXContainerItemProxy;
			containerPortal = 5E9BC2F42D5AD96D005A7ADF /* Project object */;
			proxyType = 1;
			remoteGlobalIDString = 5E9BC2FB2D5AD96D005A7ADF;
			remoteInfo = 0211_SwiftUIEx01;
		};
/* End PBXContainerItemProxy section */

/* Begin PBXFileReference section */
		5E9BC2FC2D5AD96D005A7ADF /* 0211_SwiftUIEx01.app */ = {isa = PBXFileReference; explicitFileType = wrapper.application; includeInIndex = 0; path = 0211_SwiftUIEx01.app; sourceTree = BUILT_PRODUCTS_DIR; };
		5E9BC30C2D5AD96F005A7ADF /* 0211_SwiftUIEx01Tests.xctest */ = {isa = PBXFileReference; explicitFileType = wrapper.cfbundle; includeInIndex = 0; path = 0211_SwiftUIEx01Tests.xctest; sourceTree = BUILT_PRODUCTS_DIR; };
		5E9BC3162D5AD96F005A7ADF /* 0211_SwiftUIEx01UITests.xctest */ = {isa = PBXFileReference; explicitFileType = wrapper.cfbundle; includeInIndex = 0; path = 0211_SwiftUIEx01UITests.xctest; sourceTree = BUILT_PRODUCTS_DIR; };
/* End PBXFileReference section */

/* Begin PBXFileSystemSynchronizedRootGroup section */
		5E9BC2FE2D5AD96D005A7ADF /* 0211_SwiftUIEx01 */ = {
			isa = PBXFileSystemSynchronizedRootGroup;
			path = 0211_SwiftUIEx01;
			sourceTree = "<group>";
		};
		5E9BC30F2D5AD96F005A7ADF /* 0211_SwiftUIEx01Tests */ = {
			isa = PBXFileSystemSynchronizedRootGroup;
			path = 0211_SwiftUIEx01Tests;
			sourceTree = "<group>";
		};
		5E9BC3192D5AD96F005A7ADF /* 0211_SwiftUIEx01UITests */ = {
			isa = PBXFileSystemSynchronizedRootGroup;
			path = 0211_SwiftUIEx01UITests;
			sourceTree = "<group>";
		};
/* End PBXFileSystemSynchronizedRootGroup section */

/* Begin PBXFrameworksBuildPhase section */
		5E9BC2F92D5AD96D005A7ADF /* Frameworks */ = {
			isa = PBXFrameworksBuildPhase;
			buildActionMask = 2147483647;
			files = (
			);
			runOnlyForDeploymentPostprocessing = 0;
		};
		5E9BC3092D5AD96F005A7ADF /* Frameworks */ = {
			isa = PBXFrameworksBuildPhase;
			buildActionMask = 2147483647;
			files = (
			);
			runOnlyForDeploymentPostprocessing = 0;
		};
		5E9BC3132D5AD96F005A7ADF /* Frameworks */ = {
			isa = PBXFrameworksBuildPhase;
			buildActionMask = 2147483647;
			files = (
			);
			runOnlyForDeploymentPostprocessing = 0;
		};
/* End PBXFrameworksBuildPhase section */

/* Begin PBXGroup section */
		5E9BC2F32D5AD96D005A7ADF = {
			isa = PBXGroup;
			children = (
				5E9BC2FE2D5AD96D005A7ADF /* 0211_SwiftUIEx01 */,
				5E9BC30F2D5AD96F005A7ADF /* 0211_SwiftUIEx01Tests */,
				5E9BC3192D5AD96F005A7ADF /* 0211_SwiftUIEx01UITests */,
				5E9BC2FD2D5AD96D005A7ADF /* Products */,
			);
			sourceTree = "<group>";
		};
		5E9BC2FD2D5AD96D005A7ADF /* Products */ = {
			isa = PBXGroup;
			children = (
				5E9BC2FC2D5AD96D005A7ADF /* 0211_SwiftUIEx01.app */,
				5E9BC30C2D5AD96F005A7ADF /* 0211_SwiftUIEx01Tests.xctest */,
				5E9BC3162D5AD96F005A7ADF /* 0211_SwiftUIEx01UITests.xctest */,
			);
			name = Products;
			sourceTree = "<group>";
		};
/* End PBXGroup section */

/* Begin PBXNativeTarget section */
		5E9BC2FB2D5AD96D005A7ADF /* 0211_SwiftUIEx01 */ = {
			isa = PBXNativeTarget;
			buildConfigurationList = 5E9BC3202D5AD96F005A7ADF /* Build configuration list for PBXNativeTarget "0211_SwiftUIEx01" */;
			buildPhases = (
				5E9BC2F82D5AD96D005A7ADF /* Sources */,
				5E9BC2F92D5AD96D005A7ADF /* Frameworks */,
				5E9BC2FA2D5AD96D005A7ADF /* Resources */,
			);
			buildRules = (
			);
			dependencies = (
			);
			fileSystemSynchronizedGroups = (
				5E9BC2FE2D5AD96D005A7ADF /* 0211_SwiftUIEx01 */,
			);
			name = 0211_SwiftUIEx01;
			packageProductDependencies = (
			);
			productName = 0211_SwiftUIEx01;
			productReference = 5E9BC2FC2D5AD96D005A7ADF /* 0211_SwiftUIEx01.app */;
			productType = "com.apple.product-type.application";
		};
		5E9BC30B2D5AD96F005A7ADF /* 0211_SwiftUIEx01Tests */ = {
			isa = PBXNativeTarget;
			buildConfigurationList = 5E9BC3232D5AD96F005A7ADF /* Build configuration list for PBXNativeTarget "0211_SwiftUIEx01Tests" */;
			buildPhases = (
				5E9BC3082D5AD96F005A7ADF /* Sources */,
				5E9BC3092D5AD96F005A7ADF /* Frameworks */,
				5E9BC30A2D5AD96F005A7ADF /* Resources */,
			);
			buildRules = (
			);
			dependencies = (
				5E9BC30E2D5AD96F005A7ADF /* PBXTargetDependency */,
			);
			fileSystemSynchronizedGroups = (
				5E9BC30F2D5AD96F005A7ADF /* 0211_SwiftUIEx01Tests */,
			);
			name = 0211_SwiftUIEx01Tests;
			packageProductDependencies = (
			);
			productName = 0211_SwiftUIEx01Tests;
			productReference = 5E9BC30C2D5AD96F005A7ADF /* 0211_SwiftUIEx01Tests.xctest */;
			productType = "com.apple.product-type.bundle.unit-test";
		};
		5E9BC3152D5AD96F005A7ADF /* 0211_SwiftUIEx01UITests */ = {
			isa = PBXNativeTarget;
			buildConfigurationList = 5E9BC3262D5AD96F005A7ADF /* Build configuration list for PBXNativeTarget "0211_SwiftUIEx01UITests" */;
			buildPhases = (
				5E9BC3122D5AD96F005A7ADF /* Sources */,
				5E9BC3132D5AD96F005A7ADF /* Frameworks */,
				5E9BC3142D5AD96F005A7ADF /* Resources */,
			);
			buildRules = (
			);
			dependencies = (
				5E9BC3182D5AD96F005A7ADF /* PBXTargetDependency */,
			);
			fileSystemSynchronizedGroups = (
				5E9BC3192D5AD96F005A7ADF /* 0211_SwiftUIEx01UITests */,
			);
			name = 0211_SwiftUIEx01UITests;
			packageProductDependencies = (
			);
			productName = 0211_SwiftUIEx01UITests;
			productReference = 5E9BC3162D5AD96F005A7ADF /* 0211_SwiftUIEx01UITests.xctest */;
			productType = "com.apple.product-type.bundle.ui-testing";
		};
/* End PBXNativeTarget section */

/* Begin PBXProject section */
		5E9BC2F42D5AD96D005A7ADF /* Project object */ = {
			isa = PBXProject;
			attributes = {
				BuildIndependentTargetsInParallel = 1;
				LastSwiftUpdateCheck = 1620;
				LastUpgradeCheck = 1620;
				TargetAttributes = {
					5E9BC2FB2D5AD96D005A7ADF = {
						CreatedOnToolsVersion = 16.2;
					};
					5E9BC30B2D5AD96F005A7ADF = {
						CreatedOnToolsVersion = 16.2;
						TestTargetID = 5E9BC2FB2D5AD96D005A7ADF;
					};
					5E9BC3152D5AD96F005A7ADF = {
						CreatedOnToolsVersion = 16.2;
						TestTargetID = 5E9BC2FB2D5AD96D005A7ADF;
					};
				};
			};
			buildConfigurationList = 5E9BC2F72D5AD96D005A7ADF /* Build configuration list for PBXProject "0211_SwiftUIEx01" */;
			developmentRegion = en;
			hasScannedForEncodings = 0;
			knownRegions = (
				en,
				Base,
			);
			mainGroup = 5E9BC2F32D5AD96D005A7ADF;
			minimizedProjectReferenceProxies = 1;
			preferredProjectObjectVersion = 77;
			productRefGroup = 5E9BC2FD2D5AD96D005A7ADF /* Products */;
			projectDirPath = "";
			projectRoot = "";
			targets = (
				5E9BC2FB2D5AD96D005A7ADF /* 0211_SwiftUIEx01 */,
				5E9BC30B2D5AD96F005A7ADF /* 0211_SwiftUIEx01Tests */,
				5E9BC3152D5AD96F005A7ADF /* 0211_SwiftUIEx01UITests */,
			);
		};
/* End PBXProject section */

/* Begin PBXResourcesBuildPhase section */
		5E9BC2FA2D5AD96D005A7ADF /* Resources */ = {
			isa = PBXResourcesBuildPhase;
			buildActionMask = 2147483647;
			files = (
			);
			runOnlyForDeploymentPostprocessing = 0;
		};
		5E9BC30A2D5AD96F005A7ADF /* Resources */ = {
			isa = PBXResourcesBuildPhase;
			buildActionMask = 2147483647;
			files = (
			);
			runOnlyForDeploymentPostprocessing = 0;
		};
		5E9BC3142D5AD96F005A7ADF /* Resources */ = {
			isa = PBXResourcesBuildPhase;
			buildActionMask = 2147483647;
			files = (
			);
			runOnlyForDeploymentPostprocessing = 0;
		};
/* End PBXResourcesBuildPhase section */

/* Begin PBXSourcesBuildPhase section */
		5E9BC2F82D5AD96D005A7ADF /* Sources */ = {
			isa = PBXSourcesBuildPhase;
			buildActionMask = 2147483647;
			files = (
			);
			runOnlyForDeploymentPostprocessing = 0;
		};
		5E9BC3082D5AD96F005A7ADF /* Sources */ = {
			isa = PBXSourcesBuildPhase;
			buildActionMask = 2147483647;
			files = (
			);
			runOnlyForDeploymentPostprocessing = 0;
		};
		5E9BC3122D5AD96F005A7ADF /* Sources */ = {
			isa = PBXSourcesBuildPhase;
			buildActionMask = 2147483647;
			files = (
			);
			runOnlyForDeploymentPostprocessing = 0;
		};
/* End PBXSourcesBuildPhase section */

/* Begin PBXTargetDependency section */
		5E9BC30E2D5AD96F005A7ADF /* PBXTargetDependency */ = {
			isa = PBXTargetDependency;
			target = 5E9BC2FB2D5AD96D005A7ADF /* 0211_SwiftUIEx01 */;
			targetProxy = 5E9BC30D2D5AD96F005A7ADF /* PBXContainerItemProxy */;
		};
		5E9BC3182D5AD96F005A7ADF /* PBXTargetDependency */ = {
			isa = PBXTargetDependency;
			target = 5E9BC2FB2D5AD96D005A7ADF /* 0211_SwiftUIEx01 */;
			targetProxy = 5E9BC3172D5AD96F005A7ADF /* PBXContainerItemProxy */;
		};
/* End PBXTargetDependency section */

/* Begin XCBuildConfiguration section */
		5E9BC31E2D5AD96F005A7ADF /* Debug */ = {
			isa = XCBuildConfiguration;
			buildSettings = {
				ALWAYS_SEARCH_USER_PATHS = NO;
				ASSETCATALOG_COMPILER_GENERATE_SWIFT_ASSET_SYMBOL_EXTENSIONS = YES;
				CLANG_ANALYZER_NONNULL = YES;
				CLANG_ANALYZER_NUMBER_OBJECT_CONVERSION = YES_AGGRESSIVE;
				CLANG_CXX_LANGUAGE_STANDARD = "gnu++20";
				CLANG_ENABLE_MODULES = YES;
				CLANG_ENABLE_OBJC_ARC = YES;
				CLANG_ENABLE_OBJC_WEAK = YES;
				CLANG_WARN_BLOCK_CAPTURE_AUTORELEASING = YES;
				CLANG_WARN_BOOL_CONVERSION = YES;
				CLANG_WARN_COMMA = YES;
				CLANG_WARN_CONSTANT_CONVERSION = YES;
				CLANG_WARN_DEPRECATED_OBJC_IMPLEMENTATIONS = YES;
				CLANG_WARN_DIRECT_OBJC_ISA_USAGE = YES_ERROR;
				CLANG_WARN_DOCUMENTATION_COMMENTS = YES;
				CLANG_WARN_EMPTY_BODY = YES;
				CLANG_WARN_ENUM_CONVERSION = YES;
				CLANG_WARN_INFINITE_RECURSION = YES;
				CLANG_WARN_INT_CONVERSION = YES;
				CLANG_WARN_NON_LITERAL_NULL_CONVERSION = YES;
				CLANG_WARN_OBJC_IMPLICIT_RETAIN_SELF = YES;
				CLANG_WARN_OBJC_LITERAL_CONVERSION = YES;
				CLANG_WARN_OBJC_ROOT_CLASS = YES_ERROR;
				CLANG_WARN_QUOTED_INCLUDE_IN_FRAMEWORK_HEADER = YES;
				CLANG_WARN_RANGE_LOOP_ANALYSIS = YES;
				CLANG_WARN_STRICT_PROTOTYPES = YES;
				CLANG_WARN_SUSPICIOUS_MOVE = YES;
				CLANG_WARN_UNGUARDED_AVAILABILITY = YES_AGGRESSIVE;
				CLANG_WARN_UNREACHABLE_CODE = YES;
				CLANG_WARN__DUPLICATE_METHOD_MATCH = YES;
				COPY_PHASE_STRIP = NO;
				DEBUG_INFORMATION_FORMAT = dwarf;
				ENABLE_STRICT_OBJC_MSGSEND = YES;
				ENABLE_TESTABILITY = YES;
				ENABLE_USER_SCRIPT_SANDBOXING = YES;
				GCC_C_LANGUAGE_STANDARD = gnu17;
				GCC_DYNAMIC_NO_PIC = NO;
				GCC_NO_COMMON_BLOCKS = YES;
				GCC_OPTIMIZATION_LEVEL = 0;
				GCC_PREPROCESSOR_DEFINITIONS = (
					"DEBUG=1",
					"$(inherited)",
				);
				GCC_WARN_64_TO_32_BIT_CONVERSION = YES;
				GCC_WARN_ABOUT_RETURN_TYPE = YES_ERROR;
				GCC_WARN_UNDECLARED_SELECTOR = YES;
				GCC_WARN_UNINITIALIZED_AUTOS = YES_AGGRESSIVE;
				GCC_WARN_UNUSED_FUNCTION = YES;
				GCC_WARN_UNUSED_VARIABLE = YES;
				IPHONEOS_DEPLOYMENT_TARGET = 18.2;
				LOCALIZATION_PREFERS_STRING_CATALOGS = YES;
				MTL_ENABLE_DEBUG_INFO = INCLUDE_SOURCE;
				MTL_FAST_MATH = YES;
				ONLY_ACTIVE_ARCH = YES;
				SDKROOT = iphoneos;
				SWIFT_ACTIVE_COMPILATION_CONDITIONS = "DEBUG $(inherited)";
				SWIFT_OPTIMIZATION_LEVEL = "-Onone";
			};
			name = Debug;
		};
		5E9BC31F2D5AD96F005A7ADF /* Release */ = {
			isa = XCBuildConfiguration;
			buildSettings = {
				ALWAYS_SEARCH_USER_PATHS = NO;
				ASSETCATALOG_COMPILER_GENERATE_SWIFT_ASSET_SYMBOL_EXTENSIONS = YES;
				CLANG_ANALYZER_NONNULL = YES;
				CLANG_ANALYZER_NUMBER_OBJECT_CONVERSION = YES_AGGRESSIVE;
				CLANG_CXX_LANGUAGE_STANDARD = "gnu++20";
				CLANG_ENABLE_MODULES = YES;
				CLANG_ENABLE_OBJC_ARC = YES;
				CLANG_ENABLE_OBJC_WEAK = YES;
				CLANG_WARN_BLOCK_CAPTURE_AUTORELEASING = YES;
				CLANG_WARN_BOOL_CONVERSION = YES;
				CLANG_WARN_COMMA = YES;
				CLANG_WARN_CONSTANT_CONVERSION = YES;
				CLANG_WARN_DEPRECATED_OBJC_IMPLEMENTATIONS = YES;
				CLANG_WARN_DIRECT_OBJC_ISA_USAGE = YES_ERROR;
				CLANG_WARN_DOCUMENTATION_COMMENTS = YES;
				CLANG_WARN_EMPTY_BODY = YES;
				CLANG_WARN_ENUM_CONVERSION = YES;
				CLANG_WARN_INFINITE_RECURSION = YES;
				CLANG_WARN_INT_CONVERSION = YES;
				CLANG_WARN_NON_LITERAL_NULL_CONVERSION = YES;
				CLANG_WARN_OBJC_IMPLICIT_RETAIN_SELF = YES;
				CLANG_WARN_OBJC_LITERAL_CONVERSION = YES;
				CLANG_WARN_OBJC_ROOT_CLASS = YES_ERROR;
				CLANG_WARN_QUOTED_INCLUDE_IN_FRAMEWORK_HEADER = YES;
				CLANG_WARN_RANGE_LOOP_ANALYSIS = YES;
				CLANG_WARN_STRICT_PROTOTYPES = YES;
				CLANG_WARN_SUSPICIOUS_MOVE = YES;
				CLANG_WARN_UNGUARDED_AVAILABILITY = YES_AGGRESSIVE;
				CLANG_WARN_UNREACHABLE_CODE = YES;
				CLANG_WARN__DUPLICATE_METHOD_MATCH = YES;
				COPY_PHASE_STRIP = NO;
				DEBUG_INFORMATION_FORMAT = "dwarf-with-dsym";
				ENABLE_NS_ASSERTIONS = NO;
				ENABLE_STRICT_OBJC_MSGSEND = YES;
				ENABLE_USER_SCRIPT_SANDBOXING = YES;
				GCC_C_LANGUAGE_STANDARD = gnu17;
				GCC_NO_COMMON_BLOCKS = YES;
				GCC_WARN_64_TO_32_BIT_CONVERSION = YES;
				GCC_WARN_ABOUT_RETURN_TYPE = YES_ERROR;
				GCC_WARN_UNDECLARED_SELECTOR = YES;
				GCC_WARN_UNINITIALIZED_AUTOS = YES_AGGRESSIVE;
				GCC_WARN_UNUSED_FUNCTION = YES;
				GCC_WARN_UNUSED_VARIABLE = YES;
				IPHONEOS_DEPLOYMENT_TARGET = 18.2;
				LOCALIZATION_PREFERS_STRING_CATALOGS = YES;
				MTL_ENABLE_DEBUG_INFO = NO;
				MTL_FAST_MATH = YES;
				SDKROOT = iphoneos;
				SWIFT_COMPILATION_MODE = wholemodule;
				VALIDATE_PRODUCT = YES;
			};
			name = Release;
		};
		5E9BC3212D5AD96F005A7ADF /* Debug */ = {
			isa = XCBuildConfiguration;
			buildSettings = {
				ASSETCATALOG_COMPILER_APPICON_NAME = AppIcon;
				ASSETCATALOG_COMPILER_GLOBAL_ACCENT_COLOR_NAME = AccentColor;
				CODE_SIGN_STYLE = Automatic;
				CURRENT_PROJECT_VERSION = 1;
				DEVELOPMENT_ASSET_PATHS = "\"0211_SwiftUIEx01/Preview Content\"";
				DEVELOPMENT_TEAM = HSR3SG7L6R;
				ENABLE_PREVIEWS = YES;
				GENERATE_INFOPLIST_FILE = YES;
				INFOPLIST_KEY_UIApplicationSceneManifest_Generation = YES;
				INFOPLIST_KEY_UIApplicationSupportsIndirectInputEvents = YES;
				INFOPLIST_KEY_UILaunchScreen_Generation = YES;
				INFOPLIST_KEY_UISupportedInterfaceOrientations_iPad = "UIInterfaceOrientationPortrait UIInterfaceOrientationPortraitUpsideDown UIInterfaceOrientationLandscapeLeft UIInterfaceOrientationLandscapeRight";
				INFOPLIST_KEY_UISupportedInterfaceOrientations_iPhone = "UIInterfaceOrientationPortrait UIInterfaceOrientationLandscapeLeft UIInterfaceOrientationLandscapeRight";
				LD_RUNPATH_SEARCH_PATHS = (
					"$(inherited)",
					"@executable_path/Frameworks",
				);
				MARKETING_VERSION = 1.0;
				PRODUCT_BUNDLE_IDENTIFIER = "org.comstudy.day02.-211-SwiftUIEx01";
				PRODUCT_NAME = "$(TARGET_NAME)";
				SWIFT_EMIT_LOC_STRINGS = YES;
				SWIFT_VERSION = 5.0;
				TARGETED_DEVICE_FAMILY = "1,2";
			};
			name = Debug;
		};
		5E9BC3222D5AD96F005A7ADF /* Release */ = {
			isa = XCBuildConfiguration;
			buildSettings = {
				ASSETCATALOG_COMPILER_APPICON_NAME = AppIcon;
				ASSETCATALOG_COMPILER_GLOBAL_ACCENT_COLOR_NAME = AccentColor;
				CODE_SIGN_STYLE = Automatic;
				CURRENT_PROJECT_VERSION = 1;
				DEVELOPMENT_ASSET_PATHS = "\"0211_SwiftUIEx01/Preview Content\"";
				DEVELOPMENT_TEAM = HSR3SG7L6R;
				ENABLE_PREVIEWS = YES;
				GENERATE_INFOPLIST_FILE = YES;
				INFOPLIST_KEY_UIApplicationSceneManifest_Generation = YES;
				INFOPLIST_KEY_UIApplicationSupportsIndirectInputEvents = YES;
				INFOPLIST_KEY_UILaunchScreen_Generation = YES;
				INFOPLIST_KEY_UISupportedInterfaceOrientations_iPad = "UIInterfaceOrientationPortrait UIInterfaceOrientationPortraitUpsideDown UIInterfaceOrientationLandscapeLeft UIInterfaceOrientationLandscapeRight";
				INFOPLIST_KEY_UISupportedInterfaceOrientations_iPhone = "UIInterfaceOrientationPortrait UIInterfaceOrientationLandscapeLeft UIInterfaceOrientationLandscapeRight";
				LD_RUNPATH_SEARCH_PATHS = (
					"$(inherited)",
					"@executable_path/Frameworks",
				);
				MARKETING_VERSION = 1.0;
				PRODUCT_BUNDLE_IDENTIFIER = "org.comstudy.day02.-211-SwiftUIEx01";
				PRODUCT_NAME = "$(TARGET_NAME)";
				SWIFT_EMIT_LOC_STRINGS = YES;
				SWIFT_VERSION = 5.0;
				TARGETED_DEVICE_FAMILY = "1,2";
			};
			name = Release;
		};
		5E9BC3242D5AD96F005A7ADF /* Debug */ = {
			isa = XCBuildConfiguration;
			buildSettings = {
				BUNDLE_LOADER = "$(TEST_HOST)";
				CODE_SIGN_STYLE = Automatic;
				CURRENT_PROJECT_VERSION = 1;
				DEVELOPMENT_TEAM = HSR3SG7L6R;
				GENERATE_INFOPLIST_FILE = YES;
				IPHONEOS_DEPLOYMENT_TARGET = 18.2;
				MARKETING_VERSION = 1.0;
				PRODUCT_BUNDLE_IDENTIFIER = "org.comstudy.day02.-211-SwiftUIEx01Tests";
				PRODUCT_NAME = "$(TARGET_NAME)";
				SWIFT_EMIT_LOC_STRINGS = NO;
				SWIFT_VERSION = 5.0;
				TARGETED_DEVICE_FAMILY = "1,2";
				TEST_HOST = "$(BUILT_PRODUCTS_DIR)/0211_SwiftUIEx01.app/$(BUNDLE_EXECUTABLE_FOLDER_PATH)/0211_SwiftUIEx01";
			};
			name = Debug;
		};
		5E9BC3252D5AD96F005A7ADF /* Release */ = {
			isa = XCBuildConfiguration;
			buildSettings = {
				BUNDLE_LOADER = "$(TEST_HOST)";
				CODE_SIGN_STYLE = Automatic;
				CURRENT_PROJECT_VERSION = 1;
				DEVELOPMENT_TEAM = HSR3SG7L6R;
				GENERATE_INFOPLIST_FILE = YES;
				IPHONEOS_DEPLOYMENT_TARGET = 18.2;
				MARKETING_VERSION = 1.0;
				PRODUCT_BUNDLE_IDENTIFIER = "org.comstudy.day02.-211-SwiftUIEx01Tests";
				PRODUCT_NAME = "$(TARGET_NAME)";
				SWIFT_EMIT_LOC_STRINGS = NO;
				SWIFT_VERSION = 5.0;
				TARGETED_DEVICE_FAMILY = "1,2";
				TEST_HOST = "$(BUILT_PRODUCTS_DIR)/0211_SwiftUIEx01.app/$(BUNDLE_EXECUTABLE_FOLDER_PATH)/0211_SwiftUIEx01";
			};
			name = Release;
		};
		5E9BC3272D5AD96F005A7ADF /* Debug */ = {
			isa = XCBuildConfiguration;
			buildSettings = {
				CODE_SIGN_STYLE = Automatic;
				CURRENT_PROJECT_VERSION = 1;
				DEVELOPMENT_TEAM = HSR3SG7L6R;
				GENERATE_INFOPLIST_FILE = YES;
				MARKETING_VERSION = 1.0;
				PRODUCT_BUNDLE_IDENTIFIER = "org.comstudy.day02.-211-SwiftUIEx01UITests";
				PRODUCT_NAME = "$(TARGET_NAME)";
				SWIFT_EMIT_LOC_STRINGS = NO;
				SWIFT_VERSION = 5.0;
				TARGETED_DEVICE_FAMILY = "1,2";
				TEST_TARGET_NAME = 0211_SwiftUIEx01;
			};
			name = Debug;
		};
		5E9BC3282D5AD96F005A7ADF /* Release */ = {
			isa = XCBuildConfiguration;
			buildSettings = {
				CODE_SIGN_STYLE = Automatic;
				CURRENT_PROJECT_VERSION = 1;
				DEVELOPMENT_TEAM = HSR3SG7L6R;
				GENERATE_INFOPLIST_FILE = YES;
				MARKETING_VERSION = 1.0;
				PRODUCT_BUNDLE_IDENTIFIER = "org.comstudy.day02.-211-SwiftUIEx01UITests";
				PRODUCT_NAME = "$(TARGET_NAME)";
				SWIFT_EMIT_LOC_STRINGS = NO;
				SWIFT_VERSION = 5.0;
				TARGETED_DEVICE_FAMILY = "1,2";
				TEST_TARGET_NAME = 0211_SwiftUIEx01;
			};
			name = Release;
		};
/* End XCBuildConfiguration section */

/* Begin XCConfigurationList section */
		5E9BC2F72D5AD96D005A7ADF /* Build configuration list for PBXProject "0211_SwiftUIEx01" */ = {
			isa = XCConfigurationList;
			buildConfigurations = (
				5E9BC31E2D5AD96F005A7ADF /* Debug */,
				5E9BC31F2D5AD96F005A7ADF /* Release */,
			);
			defaultConfigurationIsVisible = 0;
			defaultConfigurationName = Release;
		};
		5E9BC3202D5AD96F005A7ADF /* Build configuration list for PBXNativeTarget "0211_SwiftUIEx01" */ = {
			isa = XCConfigurationList;
			buildConfigurations = (
				5E9BC3212D5AD96F005A7ADF /* Debug */,
				5E9BC3222D5AD96F005A7ADF /* Release */,
			);
			defaultConfigurationIsVisible = 0;
			defaultConfigurationName = Release;
		};
		5E9BC3232D5AD96F005A7ADF /* Build configuration list for PBXNativeTarget "0211_SwiftUIEx01Tests" */ = {
			isa = XCConfigurationList;
			buildConfigurations = (
				5E9BC3242D5AD96F005A7ADF /* Debug */,
				5E9BC3252D5AD96F005A7ADF /* Release */,
			);
			defaultConfigurationIsVisible = 0;
			defaultConfigurationName = Release;
		};
		5E9BC3262D5AD96F005A7ADF /* Build configuration list for PBXNativeTarget "0211_SwiftUIEx01UITests" */ = {
			isa = XCConfigurationList;
			buildConfigurations = (
				5E9BC3272D5AD96F005A7ADF /* Debug */,
				5E9BC3282D5AD96F005A7ADF /* Release */,
			);
			defaultConfigurationIsVisible = 0;
			defaultConfigurationName = Release;
		};
/* End XCConfigurationList section */
	};
	rootObject = 5E9BC2F42D5AD96D005A7ADF /* Project object */;
}
