// !$*UTF8*$!
{
	archiveVersion = 1;
	classes = {
	};
	objectVersion = 77;
	objects = {

/* Begin PBXContainerItemProxy section */
		5EDD83AF2D5C3927007C3C00 /* PBXContainerItemProxy */ = {
			isa = PBXContainerItemProxy;
			containerPortal = 5EDD83962D5C3925007C3C00 /* Project object */;
			proxyType = 1;
			remoteGlobalIDString = 5EDD839D2D5C3925007C3C00;
			remoteInfo = 0212_SwiftUIEx02;
		};
		5EDD83B92D5C3927007C3C00 /* PBXContainerItemProxy */ = {
			isa = PBXContainerItemProxy;
			containerPortal = 5EDD83962D5C3925007C3C00 /* Project object */;
			proxyType = 1;
			remoteGlobalIDString = 5EDD839D2D5C3925007C3C00;
			remoteInfo = 0212_SwiftUIEx02;
		};
/* End PBXContainerItemProxy section */

/* Begin PBXFileReference section */
		5EDD839E2D5C3925007C3C00 /* 0212_SwiftUIEx02.app */ = {isa = PBXFileReference; explicitFileType = wrapper.application; includeInIndex = 0; path = 0212_SwiftUIEx02.app; sourceTree = BUILT_PRODUCTS_DIR; };
		5EDD83AE2D5C3927007C3C00 /* 0212_SwiftUIEx02Tests.xctest */ = {isa = PBXFileReference; explicitFileType = wrapper.cfbundle; includeInIndex = 0; path = 0212_SwiftUIEx02Tests.xctest; sourceTree = BUILT_PRODUCTS_DIR; };
		5EDD83B82D5C3927007C3C00 /* 0212_SwiftUIEx02UITests.xctest */ = {isa = PBXFileReference; explicitFileType = wrapper.cfbundle; includeInIndex = 0; path = 0212_SwiftUIEx02UITests.xctest; sourceTree = BUILT_PRODUCTS_DIR; };
/* End PBXFileReference section */

/* Begin PBXFileSystemSynchronizedRootGroup section */
		5EDD83A02D5C3925007C3C00 /* 0212_SwiftUIEx02 */ = {
			isa = PBXFileSystemSynchronizedRootGroup;
			path = 0212_SwiftUIEx02;
			sourceTree = "<group>";
		};
		5EDD83B12D5C3927007C3C00 /* 0212_SwiftUIEx02Tests */ = {
			isa = PBXFileSystemSynchronizedRootGroup;
			path = 0212_SwiftUIEx02Tests;
			sourceTree = "<group>";
		};
		5EDD83BB2D5C3927007C3C00 /* 0212_SwiftUIEx02UITests */ = {
			isa = PBXFileSystemSynchronizedRootGroup;
			path = 0212_SwiftUIEx02UITests;
			sourceTree = "<group>";
		};
/* End PBXFileSystemSynchronizedRootGroup section */

/* Begin PBXFrameworksBuildPhase section */
		5EDD839B2D5C3925007C3C00 /* Frameworks */ = {
			isa = PBXFrameworksBuildPhase;
			buildActionMask = 2147483647;
			files = (
			);
			runOnlyForDeploymentPostprocessing = 0;
		};
		5EDD83AB2D5C3927007C3C00 /* Frameworks */ = {
			isa = PBXFrameworksBuildPhase;
			buildActionMask = 2147483647;
			files = (
			);
			runOnlyForDeploymentPostprocessing = 0;
		};
		5EDD83B52D5C3927007C3C00 /* Frameworks */ = {
			isa = PBXFrameworksBuildPhase;
			buildActionMask = 2147483647;
			files = (
			);
			runOnlyForDeploymentPostprocessing = 0;
		};
/* End PBXFrameworksBuildPhase section */

/* Begin PBXGroup section */
		5EDD83952D5C3925007C3C00 = {
			isa = PBXGroup;
			children = (
				5EDD83A02D5C3925007C3C00 /* 0212_SwiftUIEx02 */,
				5EDD83B12D5C3927007C3C00 /* 0212_SwiftUIEx02Tests */,
				5EDD83BB2D5C3927007C3C00 /* 0212_SwiftUIEx02UITests */,
				5EDD839F2D5C3925007C3C00 /* Products */,
			);
			sourceTree = "<group>";
		};
		5EDD839F2D5C3925007C3C00 /* Products */ = {
			isa = PBXGroup;
			children = (
				5EDD839E2D5C3925007C3C00 /* 0212_SwiftUIEx02.app */,
				5EDD83AE2D5C3927007C3C00 /* 0212_SwiftUIEx02Tests.xctest */,
				5EDD83B82D5C3927007C3C00 /* 0212_SwiftUIEx02UITests.xctest */,
			);
			name = Products;
			sourceTree = "<group>";
		};
/* End PBXGroup section */

/* Begin PBXNativeTarget section */
		5EDD839D2D5C3925007C3C00 /* 0212_SwiftUIEx02 */ = {
			isa = PBXNativeTarget;
			buildConfigurationList = 5EDD83C22D5C3927007C3C00 /* Build configuration list for PBXNativeTarget "0212_SwiftUIEx02" */;
			buildPhases = (
				5EDD839A2D5C3925007C3C00 /* Sources */,
				5EDD839B2D5C3925007C3C00 /* Frameworks */,
				5EDD839C2D5C3925007C3C00 /* Resources */,
			);
			buildRules = (
			);
			dependencies = (
			);
			fileSystemSynchronizedGroups = (
				5EDD83A02D5C3925007C3C00 /* 0212_SwiftUIEx02 */,
			);
			name = 0212_SwiftUIEx02;
			packageProductDependencies = (
			);
			productName = 0212_SwiftUIEx02;
			productReference = 5EDD839E2D5C3925007C3C00 /* 0212_SwiftUIEx02.app */;
			productType = "com.apple.product-type.application";
		};
		5EDD83AD2D5C3927007C3C00 /* 0212_SwiftUIEx02Tests */ = {
			isa = PBXNativeTarget;
			buildConfigurationList = 5EDD83C52D5C3927007C3C00 /* Build configuration list for PBXNativeTarget "0212_SwiftUIEx02Tests" */;
			buildPhases = (
				5EDD83AA2D5C3927007C3C00 /* Sources */,
				5EDD83AB2D5C3927007C3C00 /* Frameworks */,
				5EDD83AC2D5C3927007C3C00 /* Resources */,
			);
			buildRules = (
			);
			dependencies = (
				5EDD83B02D5C3927007C3C00 /* PBXTargetDependency */,
			);
			fileSystemSynchronizedGroups = (
				5EDD83B12D5C3927007C3C00 /* 0212_SwiftUIEx02Tests */,
			);
			name = 0212_SwiftUIEx02Tests;
			packageProductDependencies = (
			);
			productName = 0212_SwiftUIEx02Tests;
			productReference = 5EDD83AE2D5C3927007C3C00 /* 0212_SwiftUIEx02Tests.xctest */;
			productType = "com.apple.product-type.bundle.unit-test";
		};
		5EDD83B72D5C3927007C3C00 /* 0212_SwiftUIEx02UITests */ = {
			isa = PBXNativeTarget;
			buildConfigurationList = 5EDD83C82D5C3927007C3C00 /* Build configuration list for PBXNativeTarget "0212_SwiftUIEx02UITests" */;
			buildPhases = (
				5EDD83B42D5C3927007C3C00 /* Sources */,
				5EDD83B52D5C3927007C3C00 /* Frameworks */,
				5EDD83B62D5C3927007C3C00 /* Resources */,
			);
			buildRules = (
			);
			dependencies = (
				5EDD83BA2D5C3927007C3C00 /* PBXTargetDependency */,
			);
			fileSystemSynchronizedGroups = (
				5EDD83BB2D5C3927007C3C00 /* 0212_SwiftUIEx02UITests */,
			);
			name = 0212_SwiftUIEx02UITests;
			packageProductDependencies = (
			);
			productName = 0212_SwiftUIEx02UITests;
			productReference = 5EDD83B82D5C3927007C3C00 /* 0212_SwiftUIEx02UITests.xctest */;
			productType = "com.apple.product-type.bundle.ui-testing";
		};
/* End PBXNativeTarget section */

/* Begin PBXProject section */
		5EDD83962D5C3925007C3C00 /* Project object */ = {
			isa = PBXProject;
			attributes = {
				BuildIndependentTargetsInParallel = 1;
				LastSwiftUpdateCheck = 1620;
				LastUpgradeCheck = 1620;
				TargetAttributes = {
					5EDD839D2D5C3925007C3C00 = {
						CreatedOnToolsVersion = 16.2;
					};
					5EDD83AD2D5C3927007C3C00 = {
						CreatedOnToolsVersion = 16.2;
						TestTargetID = 5EDD839D2D5C3925007C3C00;
					};
					5EDD83B72D5C3927007C3C00 = {
						CreatedOnToolsVersion = 16.2;
						TestTargetID = 5EDD839D2D5C3925007C3C00;
					};
				};
			};
			buildConfigurationList = 5EDD83992D5C3925007C3C00 /* Build configuration list for PBXProject "0212_SwiftUIEx02" */;
			developmentRegion = en;
			hasScannedForEncodings = 0;
			knownRegions = (
				en,
				Base,
			);
			mainGroup = 5EDD83952D5C3925007C3C00;
			minimizedProjectReferenceProxies = 1;
			preferredProjectObjectVersion = 77;
			productRefGroup = 5EDD839F2D5C3925007C3C00 /* Products */;
			projectDirPath = "";
			projectRoot = "";
			targets = (
				5EDD839D2D5C3925007C3C00 /* 0212_SwiftUIEx02 */,
				5EDD83AD2D5C3927007C3C00 /* 0212_SwiftUIEx02Tests */,
				5EDD83B72D5C3927007C3C00 /* 0212_SwiftUIEx02UITests */,
			);
		};
/* End PBXProject section */

/* Begin PBXResourcesBuildPhase section */
		5EDD839C2D5C3925007C3C00 /* Resources */ = {
			isa = PBXResourcesBuildPhase;
			buildActionMask = 2147483647;
			files = (
			);
			runOnlyForDeploymentPostprocessing = 0;
		};
		5EDD83AC2D5C3927007C3C00 /* Resources */ = {
			isa = PBXResourcesBuildPhase;
			buildActionMask = 2147483647;
			files = (
			);
			runOnlyForDeploymentPostprocessing = 0;
		};
		5EDD83B62D5C3927007C3C00 /* Resources */ = {
			isa = PBXResourcesBuildPhase;
			buildActionMask = 2147483647;
			files = (
			);
			runOnlyForDeploymentPostprocessing = 0;
		};
/* End PBXResourcesBuildPhase section */

/* Begin PBXSourcesBuildPhase section */
		5EDD839A2D5C3925007C3C00 /* Sources */ = {
			isa = PBXSourcesBuildPhase;
			buildActionMask = 2147483647;
			files = (
			);
			runOnlyForDeploymentPostprocessing = 0;
		};
		5EDD83AA2D5C3927007C3C00 /* Sources */ = {
			isa = PBXSourcesBuildPhase;
			buildActionMask = 2147483647;
			files = (
			);
			runOnlyForDeploymentPostprocessing = 0;
		};
		5EDD83B42D5C3927007C3C00 /* Sources */ = {
			isa = PBXSourcesBuildPhase;
			buildActionMask = 2147483647;
			files = (
			);
			runOnlyForDeploymentPostprocessing = 0;
		};
/* End PBXSourcesBuildPhase section */

/* Begin PBXTargetDependency section */
		5EDD83B02D5C3927007C3C00 /* PBXTargetDependency */ = {
			isa = PBXTargetDependency;
			target = 5EDD839D2D5C3925007C3C00 /* 0212_SwiftUIEx02 */;
			targetProxy = 5EDD83AF2D5C3927007C3C00 /* PBXContainerItemProxy */;
		};
		5EDD83BA2D5C3927007C3C00 /* PBXTargetDependency */ = {
			isa = PBXTargetDependency;
			target = 5EDD839D2D5C3925007C3C00 /* 0212_SwiftUIEx02 */;
			targetProxy = 5EDD83B92D5C3927007C3C00 /* PBXContainerItemProxy */;
		};
/* End PBXTargetDependency section */

/* Begin XCBuildConfiguration section */
		5EDD83C02D5C3927007C3C00 /* Debug */ = {
			isa = XCBuildConfiguration;
			buildSettings = {
				ALWAYS_SEARCH_USER_PATHS = NO;
				ASSETCATALOG_COMPILER_GENERATE_SWIFT_ASSET_SYMBOL_EXTENSIONS = YES;
				CLANG_ANALYZER_NONNULL = YES;
				CLANG_ANALYZER_NUMBER_OBJECT_CONVERSION = YES_AGGRESSIVE;
				CLANG_CXX_LANGUAGE_STANDARD = "gnu++20";
				CLANG_ENABLE_MODULES = YES;
				CLANG_ENABLE_OBJC_ARC = YES;
				CLANG_ENABLE_OBJC_WEAK = YES;
				CLANG_WARN_BLOCK_CAPTURE_AUTORELEASING = YES;
				CLANG_WARN_BOOL_CONVERSION = YES;
				CLANG_WARN_COMMA = YES;
				CLANG_WARN_CONSTANT_CONVERSION = YES;
				CLANG_WARN_DEPRECATED_OBJC_IMPLEMENTATIONS = YES;
				CLANG_WARN_DIRECT_OBJC_ISA_USAGE = YES_ERROR;
				CLANG_WARN_DOCUMENTATION_COMMENTS = YES;
				CLANG_WARN_EMPTY_BODY = YES;
				CLANG_WARN_ENUM_CONVERSION = YES;
				CLANG_WARN_INFINITE_RECURSION = YES;
				CLANG_WARN_INT_CONVERSION = YES;
				CLANG_WARN_NON_LITERAL_NULL_CONVERSION = YES;
				CLANG_WARN_OBJC_IMPLICIT_RETAIN_SELF = YES;
				CLANG_WARN_OBJC_LITERAL_CONVERSION = YES;
				CLANG_WARN_OBJC_ROOT_CLASS = YES_ERROR;
				CLANG_WARN_QUOTED_INCLUDE_IN_FRAMEWORK_HEADER = YES;
				CLANG_WARN_RANGE_LOOP_ANALYSIS = YES;
				CLANG_WARN_STRICT_PROTOTYPES = YES;
				CLANG_WARN_SUSPICIOUS_MOVE = YES;
				CLANG_WARN_UNGUARDED_AVAILABILITY = YES_AGGRESSIVE;
				CLANG_WARN_UNREACHABLE_CODE = YES;
				CLANG_WARN__DUPLICATE_METHOD_MATCH = YES;
				COPY_PHASE_STRIP = NO;
				DEBUG_INFORMATION_FORMAT = dwarf;
				ENABLE_STRICT_OBJC_MSGSEND = YES;
				ENABLE_TESTABILITY = YES;
				ENABLE_USER_SCRIPT_SANDBOXING = YES;
				GCC_C_LANGUAGE_STANDARD = gnu17;
				GCC_DYNAMIC_NO_PIC = NO;
				GCC_NO_COMMON_BLOCKS = YES;
				GCC_OPTIMIZATION_LEVEL = 0;
				GCC_PREPROCESSOR_DEFINITIONS = (
					"DEBUG=1",
					"$(inherited)",
				);
				GCC_WARN_64_TO_32_BIT_CONVERSION = YES;
				GCC_WARN_ABOUT_RETURN_TYPE = YES_ERROR;
				GCC_WARN_UNDECLARED_SELECTOR = YES;
				GCC_WARN_UNINITIALIZED_AUTOS = YES_AGGRESSIVE;
				GCC_WARN_UNUSED_FUNCTION = YES;
				GCC_WARN_UNUSED_VARIABLE = YES;
				IPHONEOS_DEPLOYMENT_TARGET = 18.2;
				LOCALIZATION_PREFERS_STRING_CATALOGS = YES;
				MTL_ENABLE_DEBUG_INFO = INCLUDE_SOURCE;
				MTL_FAST_MATH = YES;
				ONLY_ACTIVE_ARCH = YES;
				SDKROOT = iphoneos;
				SWIFT_ACTIVE_COMPILATION_CONDITIONS = "DEBUG $(inherited)";
				SWIFT_OPTIMIZATION_LEVEL = "-Onone";
			};
			name = Debug;
		};
		5EDD83C12D5C3927007C3C00 /* Release */ = {
			isa = XCBuildConfiguration;
			buildSettings = {
				ALWAYS_SEARCH_USER_PATHS = NO;
				ASSETCATALOG_COMPILER_GENERATE_SWIFT_ASSET_SYMBOL_EXTENSIONS = YES;
				CLANG_ANALYZER_NONNULL = YES;
				CLANG_ANALYZER_NUMBER_OBJECT_CONVERSION = YES_AGGRESSIVE;
				CLANG_CXX_LANGUAGE_STANDARD = "gnu++20";
				CLANG_ENABLE_MODULES = YES;
				CLANG_ENABLE_OBJC_ARC = YES;
				CLANG_ENABLE_OBJC_WEAK = YES;
				CLANG_WARN_BLOCK_CAPTURE_AUTORELEASING = YES;
				CLANG_WARN_BOOL_CONVERSION = YES;
				CLANG_WARN_COMMA = YES;
				CLANG_WARN_CONSTANT_CONVERSION = YES;
				CLANG_WARN_DEPRECATED_OBJC_IMPLEMENTATIONS = YES;
				CLANG_WARN_DIRECT_OBJC_ISA_USAGE = YES_ERROR;
				CLANG_WARN_DOCUMENTATION_COMMENTS = YES;
				CLANG_WARN_EMPTY_BODY = YES;
				CLANG_WARN_ENUM_CONVERSION = YES;
				CLANG_WARN_INFINITE_RECURSION = YES;
				CLANG_WARN_INT_CONVERSION = YES;
				CLANG_WARN_NON_LITERAL_NULL_CONVERSION = YES;
				CLANG_WARN_OBJC_IMPLICIT_RETAIN_SELF = YES;
				CLANG_WARN_OBJC_LITERAL_CONVERSION = YES;
				CLANG_WARN_OBJC_ROOT_CLASS = YES_ERROR;
				CLANG_WARN_QUOTED_INCLUDE_IN_FRAMEWORK_HEADER = YES;
				CLANG_WARN_RANGE_LOOP_ANALYSIS = YES;
				CLANG_WARN_STRICT_PROTOTYPES = YES;
				CLANG_WARN_SUSPICIOUS_MOVE = YES;
				CLANG_WARN_UNGUARDED_AVAILABILITY = YES_AGGRESSIVE;
				CLANG_WARN_UNREACHABLE_CODE = YES;
				CLANG_WARN__DUPLICATE_METHOD_MATCH = YES;
				COPY_PHASE_STRIP = NO;
				DEBUG_INFORMATION_FORMAT = "dwarf-with-dsym";
				ENABLE_NS_ASSERTIONS = NO;
				ENABLE_STRICT_OBJC_MSGSEND = YES;
				ENABLE_USER_SCRIPT_SANDBOXING = YES;
				GCC_C_LANGUAGE_STANDARD = gnu17;
				GCC_NO_COMMON_BLOCKS = YES;
				GCC_WARN_64_TO_32_BIT_CONVERSION = YES;
				GCC_WARN_ABOUT_RETURN_TYPE = YES_ERROR;
				GCC_WARN_UNDECLARED_SELECTOR = YES;
				GCC_WARN_UNINITIALIZED_AUTOS = YES_AGGRESSIVE;
				GCC_WARN_UNUSED_FUNCTION = YES;
				GCC_WARN_UNUSED_VARIABLE = YES;
				IPHONEOS_DEPLOYMENT_TARGET = 18.2;
				LOCALIZATION_PREFERS_STRING_CATALOGS = YES;
				MTL_ENABLE_DEBUG_INFO = NO;
				MTL_FAST_MATH = YES;
				SDKROOT = iphoneos;
				SWIFT_COMPILATION_MODE = wholemodule;
				VALIDATE_PRODUCT = YES;
			};
			name = Release;
		};
		5EDD83C32D5C3927007C3C00 /* Debug */ = {
			isa = XCBuildConfiguration;
			buildSettings = {
				ASSETCATALOG_COMPILER_APPICON_NAME = AppIcon;
				ASSETCATALOG_COMPILER_GLOBAL_ACCENT_COLOR_NAME = AccentColor;
				CODE_SIGN_STYLE = Automatic;
				CURRENT_PROJECT_VERSION = 1;
				DEVELOPMENT_ASSET_PATHS = "\"0212_SwiftUIEx02/Preview Content\"";
				DEVELOPMENT_TEAM = HSR3SG7L6R;
				ENABLE_PREVIEWS = YES;
				GENERATE_INFOPLIST_FILE = YES;
				INFOPLIST_KEY_UIApplicationSceneManifest_Generation = YES;
				INFOPLIST_KEY_UIApplicationSupportsIndirectInputEvents = YES;
				INFOPLIST_KEY_UILaunchScreen_Generation = YES;
				INFOPLIST_KEY_UISupportedInterfaceOrientations_iPad = "UIInterfaceOrientationPortrait UIInterfaceOrientationPortraitUpsideDown UIInterfaceOrientationLandscapeLeft UIInterfaceOrientationLandscapeRight";
				INFOPLIST_KEY_UISupportedInterfaceOrientations_iPhone = "UIInterfaceOrientationPortrait UIInterfaceOrientationLandscapeLeft UIInterfaceOrientationLandscapeRight";
				LD_RUNPATH_SEARCH_PATHS = (
					"$(inherited)",
					"@executable_path/Frameworks",
				);
				MARKETING_VERSION = 1.0;
				PRODUCT_BUNDLE_IDENTIFIER = "org.comstudy.day02.-212-SwiftUIEx02";
				PRODUCT_NAME = "$(TARGET_NAME)";
				SWIFT_EMIT_LOC_STRINGS = YES;
				SWIFT_VERSION = 5.0;
				TARGETED_DEVICE_FAMILY = "1,2";
			};
			name = Debug;
		};
		5EDD83C42D5C3927007C3C00 /* Release */ = {
			isa = XCBuildConfiguration;
			buildSettings = {
				ASSETCATALOG_COMPILER_APPICON_NAME = AppIcon;
				ASSETCATALOG_COMPILER_GLOBAL_ACCENT_COLOR_NAME = AccentColor;
				CODE_SIGN_STYLE = Automatic;
				CURRENT_PROJECT_VERSION = 1;
				DEVELOPMENT_ASSET_PATHS = "\"0212_SwiftUIEx02/Preview Content\"";
				DEVELOPMENT_TEAM = HSR3SG7L6R;
				ENABLE_PREVIEWS = YES;
				GENERATE_INFOPLIST_FILE = YES;
				INFOPLIST_KEY_UIApplicationSceneManifest_Generation = YES;
				INFOPLIST_KEY_UIApplicationSupportsIndirectInputEvents = YES;
				INFOPLIST_KEY_UILaunchScreen_Generation = YES;
				INFOPLIST_KEY_UISupportedInterfaceOrientations_iPad = "UIInterfaceOrientationPortrait UIInterfaceOrientationPortraitUpsideDown UIInterfaceOrientationLandscapeLeft UIInterfaceOrientationLandscapeRight";
				INFOPLIST_KEY_UISupportedInterfaceOrientations_iPhone = "UIInterfaceOrientationPortrait UIInterfaceOrientationLandscapeLeft UIInterfaceOrientationLandscapeRight";
				LD_RUNPATH_SEARCH_PATHS = (
					"$(inherited)",
					"@executable_path/Frameworks",
				);
				MARKETING_VERSION = 1.0;
				PRODUCT_BUNDLE_IDENTIFIER = "org.comstudy.day02.-212-SwiftUIEx02";
				PRODUCT_NAME = "$(TARGET_NAME)";
				SWIFT_EMIT_LOC_STRINGS = YES;
				SWIFT_VERSION = 5.0;
				TARGETED_DEVICE_FAMILY = "1,2";
			};
			name = Release;
		};
		5EDD83C62D5C3927007C3C00 /* Debug */ = {
			isa = XCBuildConfiguration;
			buildSettings = {
				BUNDLE_LOADER = "$(TEST_HOST)";
				CODE_SIGN_STYLE = Automatic;
				CURRENT_PROJECT_VERSION = 1;
				DEVELOPMENT_TEAM = HSR3SG7L6R;
				GENERATE_INFOPLIST_FILE = YES;
				IPHONEOS_DEPLOYMENT_TARGET = 18.2;
				MARKETING_VERSION = 1.0;
				PRODUCT_BUNDLE_IDENTIFIER = "org.comstudy.day02.-212-SwiftUIEx02Tests";
				PRODUCT_NAME = "$(TARGET_NAME)";
				SWIFT_EMIT_LOC_STRINGS = NO;
				SWIFT_VERSION = 5.0;
				TARGETED_DEVICE_FAMILY = "1,2";
				TEST_HOST = "$(BUILT_PRODUCTS_DIR)/0212_SwiftUIEx02.app/$(BUNDLE_EXECUTABLE_FOLDER_PATH)/0212_SwiftUIEx02";
			};
			name = Debug;
		};
		5EDD83C72D5C3927007C3C00 /* Release */ = {
			isa = XCBuildConfiguration;
			buildSettings = {
				BUNDLE_LOADER = "$(TEST_HOST)";
				CODE_SIGN_STYLE = Automatic;
				CURRENT_PROJECT_VERSION = 1;
				DEVELOPMENT_TEAM = HSR3SG7L6R;
				GENERATE_INFOPLIST_FILE = YES;
				IPHONEOS_DEPLOYMENT_TARGET = 18.2;
				MARKETING_VERSION = 1.0;
				PRODUCT_BUNDLE_IDENTIFIER = "org.comstudy.day02.-212-SwiftUIEx02Tests";
				PRODUCT_NAME = "$(TARGET_NAME)";
				SWIFT_EMIT_LOC_STRINGS = NO;
				SWIFT_VERSION = 5.0;
				TARGETED_DEVICE_FAMILY = "1,2";
				TEST_HOST = "$(BUILT_PRODUCTS_DIR)/0212_SwiftUIEx02.app/$(BUNDLE_EXECUTABLE_FOLDER_PATH)/0212_SwiftUIEx02";
			};
			name = Release;
		};
		5EDD83C92D5C3927007C3C00 /* Debug */ = {
			isa = XCBuildConfiguration;
			buildSettings = {
				CODE_SIGN_STYLE = Automatic;
				CURRENT_PROJECT_VERSION = 1;
				DEVELOPMENT_TEAM = HSR3SG7L6R;
				GENERATE_INFOPLIST_FILE = YES;
				MARKETING_VERSION = 1.0;
				PRODUCT_BUNDLE_IDENTIFIER = "org.comstudy.day02.-212-SwiftUIEx02UITests";
				PRODUCT_NAME = "$(TARGET_NAME)";
				SWIFT_EMIT_LOC_STRINGS = NO;
				SWIFT_VERSION = 5.0;
				TARGETED_DEVICE_FAMILY = "1,2";
				TEST_TARGET_NAME = 0212_SwiftUIEx02;
			};
			name = Debug;
		};
		5EDD83CA2D5C3927007C3C00 /* Release */ = {
			isa = XCBuildConfiguration;
			buildSettings = {
				CODE_SIGN_STYLE = Automatic;
				CURRENT_PROJECT_VERSION = 1;
				DEVELOPMENT_TEAM = HSR3SG7L6R;
				GENERATE_INFOPLIST_FILE = YES;
				MARKETING_VERSION = 1.0;
				PRODUCT_BUNDLE_IDENTIFIER = "org.comstudy.day02.-212-SwiftUIEx02UITests";
				PRODUCT_NAME = "$(TARGET_NAME)";
				SWIFT_EMIT_LOC_STRINGS = NO;
				SWIFT_VERSION = 5.0;
				TARGETED_DEVICE_FAMILY = "1,2";
				TEST_TARGET_NAME = 0212_SwiftUIEx02;
			};
			name = Release;
		};
/* End XCBuildConfiguration section */

/* Begin XCConfigurationList section */
		5EDD83992D5C3925007C3C00 /* Build configuration list for PBXProject "0212_SwiftUIEx02" */ = {
			isa = XCConfigurationList;
			buildConfigurations = (
				5EDD83C02D5C3927007C3C00 /* Debug */,
				5EDD83C12D5C3927007C3C00 /* Release */,
			);
			defaultConfigurationIsVisible = 0;
			defaultConfigurationName = Release;
		};
		5EDD83C22D5C3927007C3C00 /* Build configuration list for PBXNativeTarget "0212_SwiftUIEx02" */ = {
			isa = XCConfigurationList;
			buildConfigurations = (
				5EDD83C32D5C3927007C3C00 /* Debug */,
				5EDD83C42D5C3927007C3C00 /* Release */,
			);
			defaultConfigurationIsVisible = 0;
			defaultConfigurationName = Release;
		};
		5EDD83C52D5C3927007C3C00 /* Build configuration list for PBXNativeTarget "0212_SwiftUIEx02Tests" */ = {
			isa = XCConfigurationList;
			buildConfigurations = (
				5EDD83C62D5C3927007C3C00 /* Debug */,
				5EDD83C72D5C3927007C3C00 /* Release */,
			);
			defaultConfigurationIsVisible = 0;
			defaultConfigurationName = Release;
		};
		5EDD83C82D5C3927007C3C00 /* Build configuration list for PBXNativeTarget "0212_SwiftUIEx02UITests" */ = {
			isa = XCConfigurationList;
			buildConfigurations = (
				5EDD83C92D5C3927007C3C00 /* Debug */,
				5EDD83CA2D5C3927007C3C00 /* Release */,
			);
			defaultConfigurationIsVisible = 0;
			defaultConfigurationName = Release;
		};
/* End XCConfigurationList section */
	};
	rootObject = 5EDD83962D5C3925007C3C00 /* Project object */;
}
