// !$*UTF8*$!
{
	archiveVersion = 1;
	classes = {
	};
	objectVersion = 77;
	objects = {

/* Begin PBXContainerItemProxy section */
		5EEBE6C32D5EFC8800754CC7 /* PBXContainerItemProxy */ = {
			isa = PBXContainerItemProxy;
			containerPortal = 5EEBE6AA2D5EFC8700754CC7 /* Project object */;
			proxyType = 1;
			remoteGlobalIDString = 5EEBE6B12D5EFC8700754CC7;
			remoteInfo = 0214_SwiftUITutorial;
		};
		5EEBE6CD2D5EFC8800754CC7 /* PBXContainerItemProxy */ = {
			isa = PBXContainerItemProxy;
			containerPortal = 5EEBE6AA2D5EFC8700754CC7 /* Project object */;
			proxyType = 1;
			remoteGlobalIDString = 5EEBE6B12D5EFC8700754CC7;
			remoteInfo = 0214_SwiftUITutorial;
		};
/* End PBXContainerItemProxy section */

/* Begin PBXFileReference section */
		5EEBE6B22D5EFC8700754CC7 /* 0214_SwiftUITutorial.app */ = {isa = PBXFileReference; explicitFileType = wrapper.application; includeInIndex = 0; path = 0214_SwiftUITutorial.app; sourceTree = BUILT_PRODUCTS_DIR; };
		5EEBE6C22D5EFC8800754CC7 /* 0214_SwiftUITutorialTests.xctest */ = {isa = PBXFileReference; explicitFileType = wrapper.cfbundle; includeInIndex = 0; path = 0214_SwiftUITutorialTests.xctest; sourceTree = BUILT_PRODUCTS_DIR; };
		5EEBE6CC2D5EFC8800754CC7 /* 0214_SwiftUITutorialUITests.xctest */ = {isa = PBXFileReference; explicitFileType = wrapper.cfbundle; includeInIndex = 0; path = 0214_SwiftUITutorialUITests.xctest; sourceTree = BUILT_PRODUCTS_DIR; };
/* End PBXFileReference section */

/* Begin PBXFileSystemSynchronizedRootGroup section */
		5EEBE6B42D5EFC8700754CC7 /* 0214_SwiftUITutorial */ = {
			isa = PBXFileSystemSynchronizedRootGroup;
			path = 0214_SwiftUITutorial;
			sourceTree = "<group>";
		};
		5EEBE6C52D5EFC8800754CC7 /* 0214_SwiftUITutorialTests */ = {
			isa = PBXFileSystemSynchronizedRootGroup;
			path = 0214_SwiftUITutorialTests;
			sourceTree = "<group>";
		};
		5EEBE6CF2D5EFC8800754CC7 /* 0214_SwiftUITutorialUITests */ = {
			isa = PBXFileSystemSynchronizedRootGroup;
			path = 0214_SwiftUITutorialUITests;
			sourceTree = "<group>";
		};
/* End PBXFileSystemSynchronizedRootGroup section */

/* Begin PBXFrameworksBuildPhase section */
		5EEBE6AF2D5EFC8700754CC7 /* Frameworks */ = {
			isa = PBXFrameworksBuildPhase;
			buildActionMask = 2147483647;
			files = (
			);
			runOnlyForDeploymentPostprocessing = 0;
		};
		5EEBE6BF2D5EFC8800754CC7 /* Frameworks */ = {
			isa = PBXFrameworksBuildPhase;
			buildActionMask = 2147483647;
			files = (
			);
			runOnlyForDeploymentPostprocessing = 0;
		};
		5EEBE6C92D5EFC8800754CC7 /* Frameworks */ = {
			isa = PBXFrameworksBuildPhase;
			buildActionMask = 2147483647;
			files = (
			);
			runOnlyForDeploymentPostprocessing = 0;
		};
/* End PBXFrameworksBuildPhase section */

/* Begin PBXGroup section */
		5EEBE6A92D5EFC8700754CC7 = {
			isa = PBXGroup;
			children = (
				5EEBE6B42D5EFC8700754CC7 /* 0214_SwiftUITutorial */,
				5EEBE6C52D5EFC8800754CC7 /* 0214_SwiftUITutorialTests */,
				5EEBE6CF2D5EFC8800754CC7 /* 0214_SwiftUITutorialUITests */,
				5EEBE6B32D5EFC8700754CC7 /* Products */,
			);
			sourceTree = "<group>";
		};
		5EEBE6B32D5EFC8700754CC7 /* Products */ = {
			isa = PBXGroup;
			children = (
				5EEBE6B22D5EFC8700754CC7 /* 0214_SwiftUITutorial.app */,
				5EEBE6C22D5EFC8800754CC7 /* 0214_SwiftUITutorialTests.xctest */,
				5EEBE6CC2D5EFC8800754CC7 /* 0214_SwiftUITutorialUITests.xctest */,
			);
			name = Products;
			sourceTree = "<group>";
		};
/* End PBXGroup section */

/* Begin PBXNativeTarget section */
		5EEBE6B12D5EFC8700754CC7 /* 0214_SwiftUITutorial */ = {
			isa = PBXNativeTarget;
			buildConfigurationList = 5EEBE6D62D5EFC8800754CC7 /* Build configuration list for PBXNativeTarget "0214_SwiftUITutorial" */;
			buildPhases = (
				5EEBE6AE2D5EFC8700754CC7 /* Sources */,
				5EEBE6AF2D5EFC8700754CC7 /* Frameworks */,
				5EEBE6B02D5EFC8700754CC7 /* Resources */,
			);
			buildRules = (
			);
			dependencies = (
			);
			fileSystemSynchronizedGroups = (
				5EEBE6B42D5EFC8700754CC7 /* 0214_SwiftUITutorial */,
			);
			name = 0214_SwiftUITutorial;
			packageProductDependencies = (
			);
			productName = 0214_SwiftUITutorial;
			productReference = 5EEBE6B22D5EFC8700754CC7 /* 0214_SwiftUITutorial.app */;
			productType = "com.apple.product-type.application";
		};
		5EEBE6C12D5EFC8800754CC7 /* 0214_SwiftUITutorialTests */ = {
			isa = PBXNativeTarget;
			buildConfigurationList = 5EEBE6D92D5EFC8800754CC7 /* Build configuration list for PBXNativeTarget "0214_SwiftUITutorialTests" */;
			buildPhases = (
				5EEBE6BE2D5EFC8800754CC7 /* Sources */,
				5EEBE6BF2D5EFC8800754CC7 /* Frameworks */,
				5EEBE6C02D5EFC8800754CC7 /* Resources */,
			);
			buildRules = (
			);
			dependencies = (
				5EEBE6C42D5EFC8800754CC7 /* PBXTargetDependency */,
			);
			fileSystemSynchronizedGroups = (
				5EEBE6C52D5EFC8800754CC7 /* 0214_SwiftUITutorialTests */,
			);
			name = 0214_SwiftUITutorialTests;
			packageProductDependencies = (
			);
			productName = 0214_SwiftUITutorialTests;
			productReference = 5EEBE6C22D5EFC8800754CC7 /* 0214_SwiftUITutorialTests.xctest */;
			productType = "com.apple.product-type.bundle.unit-test";
		};
		5EEBE6CB2D5EFC8800754CC7 /* 0214_SwiftUITutorialUITests */ = {
			isa = PBXNativeTarget;
			buildConfigurationList = 5EEBE6DC2D5EFC8800754CC7 /* Build configuration list for PBXNativeTarget "0214_SwiftUITutorialUITests" */;
			buildPhases = (
				5EEBE6C82D5EFC8800754CC7 /* Sources */,
				5EEBE6C92D5EFC8800754CC7 /* Frameworks */,
				5EEBE6CA2D5EFC8800754CC7 /* Resources */,
			);
			buildRules = (
			);
			dependencies = (
				5EEBE6CE2D5EFC8800754CC7 /* PBXTargetDependency */,
			);
			fileSystemSynchronizedGroups = (
				5EEBE6CF2D5EFC8800754CC7 /* 0214_SwiftUITutorialUITests */,
			);
			name = 0214_SwiftUITutorialUITests;
			packageProductDependencies = (
			);
			productName = 0214_SwiftUITutorialUITests;
			productReference = 5EEBE6CC2D5EFC8800754CC7 /* 0214_SwiftUITutorialUITests.xctest */;
			productType = "com.apple.product-type.bundle.ui-testing";
		};
/* End PBXNativeTarget section */

/* Begin PBXProject section */
		5EEBE6AA2D5EFC8700754CC7 /* Project object */ = {
			isa = PBXProject;
			attributes = {
				BuildIndependentTargetsInParallel = 1;
				LastSwiftUpdateCheck = 1620;
				LastUpgradeCheck = 1620;
				TargetAttributes = {
					5EEBE6B12D5EFC8700754CC7 = {
						CreatedOnToolsVersion = 16.2;
					};
					5EEBE6C12D5EFC8800754CC7 = {
						CreatedOnToolsVersion = 16.2;
						TestTargetID = 5EEBE6B12D5EFC8700754CC7;
					};
					5EEBE6CB2D5EFC8800754CC7 = {
						CreatedOnToolsVersion = 16.2;
						TestTargetID = 5EEBE6B12D5EFC8700754CC7;
					};
				};
			};
			buildConfigurationList = 5EEBE6AD2D5EFC8700754CC7 /* Build configuration list for PBXProject "0214_SwiftUITutorial" */;
			developmentRegion = en;
			hasScannedForEncodings = 0;
			knownRegions = (
				en,
				Base,
			);
			mainGroup = 5EEBE6A92D5EFC8700754CC7;
			minimizedProjectReferenceProxies = 1;
			preferredProjectObjectVersion = 77;
			productRefGroup = 5EEBE6B32D5EFC8700754CC7 /* Products */;
			projectDirPath = "";
			projectRoot = "";
			targets = (
				5EEBE6B12D5EFC8700754CC7 /* 0214_SwiftUITutorial */,
				5EEBE6C12D5EFC8800754CC7 /* 0214_SwiftUITutorialTests */,
				5EEBE6CB2D5EFC8800754CC7 /* 0214_SwiftUITutorialUITests */,
			);
		};
/* End PBXProject section */

/* Begin PBXResourcesBuildPhase section */
		5EEBE6B02D5EFC8700754CC7 /* Resources */ = {
			isa = PBXResourcesBuildPhase;
			buildActionMask = 2147483647;
			files = (
			);
			runOnlyForDeploymentPostprocessing = 0;
		};
		5EEBE6C02D5EFC8800754CC7 /* Resources */ = {
			isa = PBXResourcesBuildPhase;
			buildActionMask = 2147483647;
			files = (
			);
			runOnlyForDeploymentPostprocessing = 0;
		};
		5EEBE6CA2D5EFC8800754CC7 /* Resources */ = {
			isa = PBXResourcesBuildPhase;
			buildActionMask = 2147483647;
			files = (
			);
			runOnlyForDeploymentPostprocessing = 0;
		};
/* End PBXResourcesBuildPhase section */

/* Begin PBXSourcesBuildPhase section */
		5EEBE6AE2D5EFC8700754CC7 /* Sources */ = {
			isa = PBXSourcesBuildPhase;
			buildActionMask = 2147483647;
			files = (
			);
			runOnlyForDeploymentPostprocessing = 0;
		};
		5EEBE6BE2D5EFC8800754CC7 /* Sources */ = {
			isa = PBXSourcesBuildPhase;
			buildActionMask = 2147483647;
			files = (
			);
			runOnlyForDeploymentPostprocessing = 0;
		};
		5EEBE6C82D5EFC8800754CC7 /* Sources */ = {
			isa = PBXSourcesBuildPhase;
			buildActionMask = 2147483647;
			files = (
			);
			runOnlyForDeploymentPostprocessing = 0;
		};
/* End PBXSourcesBuildPhase section */

/* Begin PBXTargetDependency section */
		5EEBE6C42D5EFC8800754CC7 /* PBXTargetDependency */ = {
			isa = PBXTargetDependency;
			target = 5EEBE6B12D5EFC8700754CC7 /* 0214_SwiftUITutorial */;
			targetProxy = 5EEBE6C32D5EFC8800754CC7 /* PBXContainerItemProxy */;
		};
		5EEBE6CE2D5EFC8800754CC7 /* PBXTargetDependency */ = {
			isa = PBXTargetDependency;
			target = 5EEBE6B12D5EFC8700754CC7 /* 0214_SwiftUITutorial */;
			targetProxy = 5EEBE6CD2D5EFC8800754CC7 /* PBXContainerItemProxy */;
		};
/* End PBXTargetDependency section */

/* Begin XCBuildConfiguration section */
		5EEBE6D42D5EFC8800754CC7 /* Debug */ = {
			isa = XCBuildConfiguration;
			buildSettings = {
				ALWAYS_SEARCH_USER_PATHS = NO;
				ASSETCATALOG_COMPILER_GENERATE_SWIFT_ASSET_SYMBOL_EXTENSIONS = YES;
				CLANG_ANALYZER_NONNULL = YES;
				CLANG_ANALYZER_NUMBER_OBJECT_CONVERSION = YES_AGGRESSIVE;
				CLANG_CXX_LANGUAGE_STANDARD = "gnu++20";
				CLANG_ENABLE_MODULES = YES;
				CLANG_ENABLE_OBJC_ARC = YES;
				CLANG_ENABLE_OBJC_WEAK = YES;
				CLANG_WARN_BLOCK_CAPTURE_AUTORELEASING = YES;
				CLANG_WARN_BOOL_CONVERSION = YES;
				CLANG_WARN_COMMA = YES;
				CLANG_WARN_CONSTANT_CONVERSION = YES;
				CLANG_WARN_DEPRECATED_OBJC_IMPLEMENTATIONS = YES;
				CLANG_WARN_DIRECT_OBJC_ISA_USAGE = YES_ERROR;
				CLANG_WARN_DOCUMENTATION_COMMENTS = YES;
				CLANG_WARN_EMPTY_BODY = YES;
				CLANG_WARN_ENUM_CONVERSION = YES;
				CLANG_WARN_INFINITE_RECURSION = YES;
				CLANG_WARN_INT_CONVERSION = YES;
				CLANG_WARN_NON_LITERAL_NULL_CONVERSION = YES;
				CLANG_WARN_OBJC_IMPLICIT_RETAIN_SELF = YES;
				CLANG_WARN_OBJC_LITERAL_CONVERSION = YES;
				CLANG_WARN_OBJC_ROOT_CLASS = YES_ERROR;
				CLANG_WARN_QUOTED_INCLUDE_IN_FRAMEWORK_HEADER = YES;
				CLANG_WARN_RANGE_LOOP_ANALYSIS = YES;
				CLANG_WARN_STRICT_PROTOTYPES = YES;
				CLANG_WARN_SUSPICIOUS_MOVE = YES;
				CLANG_WARN_UNGUARDED_AVAILABILITY = YES_AGGRESSIVE;
				CLANG_WARN_UNREACHABLE_CODE = YES;
				CLANG_WARN__DUPLICATE_METHOD_MATCH = YES;
				COPY_PHASE_STRIP = NO;
				DEBUG_INFORMATION_FORMAT = dwarf;
				ENABLE_STRICT_OBJC_MSGSEND = YES;
				ENABLE_TESTABILITY = YES;
				ENABLE_USER_SCRIPT_SANDBOXING = YES;
				GCC_C_LANGUAGE_STANDARD = gnu17;
				GCC_DYNAMIC_NO_PIC = NO;
				GCC_NO_COMMON_BLOCKS = YES;
				GCC_OPTIMIZATION_LEVEL = 0;
				GCC_PREPROCESSOR_DEFINITIONS = (
					"DEBUG=1",
					"$(inherited)",
				);
				GCC_WARN_64_TO_32_BIT_CONVERSION = YES;
				GCC_WARN_ABOUT_RETURN_TYPE = YES_ERROR;
				GCC_WARN_UNDECLARED_SELECTOR = YES;
				GCC_WARN_UNINITIALIZED_AUTOS = YES_AGGRESSIVE;
				GCC_WARN_UNUSED_FUNCTION = YES;
				GCC_WARN_UNUSED_VARIABLE = YES;
				IPHONEOS_DEPLOYMENT_TARGET = 18.2;
				LOCALIZATION_PREFERS_STRING_CATALOGS = YES;
				MTL_ENABLE_DEBUG_INFO = INCLUDE_SOURCE;
				MTL_FAST_MATH = YES;
				ONLY_ACTIVE_ARCH = YES;
				SDKROOT = iphoneos;
				SWIFT_ACTIVE_COMPILATION_CONDITIONS = "DEBUG $(inherited)";
				SWIFT_OPTIMIZATION_LEVEL = "-Onone";
			};
			name = Debug;
		};
		5EEBE6D52D5EFC8800754CC7 /* Release */ = {
			isa = XCBuildConfiguration;
			buildSettings = {
				ALWAYS_SEARCH_USER_PATHS = NO;
				ASSETCATALOG_COMPILER_GENERATE_SWIFT_ASSET_SYMBOL_EXTENSIONS = YES;
				CLANG_ANALYZER_NONNULL = YES;
				CLANG_ANALYZER_NUMBER_OBJECT_CONVERSION = YES_AGGRESSIVE;
				CLANG_CXX_LANGUAGE_STANDARD = "gnu++20";
				CLANG_ENABLE_MODULES = YES;
				CLANG_ENABLE_OBJC_ARC = YES;
				CLANG_ENABLE_OBJC_WEAK = YES;
				CLANG_WARN_BLOCK_CAPTURE_AUTORELEASING = YES;
				CLANG_WARN_BOOL_CONVERSION = YES;
				CLANG_WARN_COMMA = YES;
				CLANG_WARN_CONSTANT_CONVERSION = YES;
				CLANG_WARN_DEPRECATED_OBJC_IMPLEMENTATIONS = YES;
				CLANG_WARN_DIRECT_OBJC_ISA_USAGE = YES_ERROR;
				CLANG_WARN_DOCUMENTATION_COMMENTS = YES;
				CLANG_WARN_EMPTY_BODY = YES;
				CLANG_WARN_ENUM_CONVERSION = YES;
				CLANG_WARN_INFINITE_RECURSION = YES;
				CLANG_WARN_INT_CONVERSION = YES;
				CLANG_WARN_NON_LITERAL_NULL_CONVERSION = YES;
				CLANG_WARN_OBJC_IMPLICIT_RETAIN_SELF = YES;
				CLANG_WARN_OBJC_LITERAL_CONVERSION = YES;
				CLANG_WARN_OBJC_ROOT_CLASS = YES_ERROR;
				CLANG_WARN_QUOTED_INCLUDE_IN_FRAMEWORK_HEADER = YES;
				CLANG_WARN_RANGE_LOOP_ANALYSIS = YES;
				CLANG_WARN_STRICT_PROTOTYPES = YES;
				CLANG_WARN_SUSPICIOUS_MOVE = YES;
				CLANG_WARN_UNGUARDED_AVAILABILITY = YES_AGGRESSIVE;
				CLANG_WARN_UNREACHABLE_CODE = YES;
				CLANG_WARN__DUPLICATE_METHOD_MATCH = YES;
				COPY_PHASE_STRIP = NO;
				DEBUG_INFORMATION_FORMAT = "dwarf-with-dsym";
				ENABLE_NS_ASSERTIONS = NO;
				ENABLE_STRICT_OBJC_MSGSEND = YES;
				ENABLE_USER_SCRIPT_SANDBOXING = YES;
				GCC_C_LANGUAGE_STANDARD = gnu17;
				GCC_NO_COMMON_BLOCKS = YES;
				GCC_WARN_64_TO_32_BIT_CONVERSION = YES;
				GCC_WARN_ABOUT_RETURN_TYPE = YES_ERROR;
				GCC_WARN_UNDECLARED_SELECTOR = YES;
				GCC_WARN_UNINITIALIZED_AUTOS = YES_AGGRESSIVE;
				GCC_WARN_UNUSED_FUNCTION = YES;
				GCC_WARN_UNUSED_VARIABLE = YES;
				IPHONEOS_DEPLOYMENT_TARGET = 18.2;
				LOCALIZATION_PREFERS_STRING_CATALOGS = YES;
				MTL_ENABLE_DEBUG_INFO = NO;
				MTL_FAST_MATH = YES;
				SDKROOT = iphoneos;
				SWIFT_COMPILATION_MODE = wholemodule;
				VALIDATE_PRODUCT = YES;
			};
			name = Release;
		};
		5EEBE6D72D5EFC8800754CC7 /* Debug */ = {
			isa = XCBuildConfiguration;
			buildSettings = {
				ASSETCATALOG_COMPILER_APPICON_NAME = AppIcon;
				ASSETCATALOG_COMPILER_GLOBAL_ACCENT_COLOR_NAME = AccentColor;
				CODE_SIGN_STYLE = Automatic;
				CURRENT_PROJECT_VERSION = 1;
				DEVELOPMENT_ASSET_PATHS = "\"0214_SwiftUITutorial/Preview Content\"";
				DEVELOPMENT_TEAM = HSR3SG7L6R;
				ENABLE_PREVIEWS = YES;
				GENERATE_INFOPLIST_FILE = YES;
				INFOPLIST_KEY_UIApplicationSceneManifest_Generation = YES;
				INFOPLIST_KEY_UIApplicationSupportsIndirectInputEvents = YES;
				INFOPLIST_KEY_UILaunchScreen_Generation = YES;
				INFOPLIST_KEY_UISupportedInterfaceOrientations_iPad = "UIInterfaceOrientationPortrait UIInterfaceOrientationPortraitUpsideDown UIInterfaceOrientationLandscapeLeft UIInterfaceOrientationLandscapeRight";
				INFOPLIST_KEY_UISupportedInterfaceOrientations_iPhone = "UIInterfaceOrientationPortrait UIInterfaceOrientationLandscapeLeft UIInterfaceOrientationLandscapeRight";
				LD_RUNPATH_SEARCH_PATHS = (
					"$(inherited)",
					"@executable_path/Frameworks",
				);
				MARKETING_VERSION = 1.0;
				PRODUCT_BUNDLE_IDENTIFIER = "org.comstudy.-214-SwiftUITutorial";
				PRODUCT_NAME = "$(TARGET_NAME)";
				SWIFT_EMIT_LOC_STRINGS = YES;
				SWIFT_VERSION = 5.0;
				TARGETED_DEVICE_FAMILY = "1,2";
			};
			name = Debug;
		};
		5EEBE6D82D5EFC8800754CC7 /* Release */ = {
			isa = XCBuildConfiguration;
			buildSettings = {
				ASSETCATALOG_COMPILER_APPICON_NAME = AppIcon;
				ASSETCATALOG_COMPILER_GLOBAL_ACCENT_COLOR_NAME = AccentColor;
				CODE_SIGN_STYLE = Automatic;
				CURRENT_PROJECT_VERSION = 1;
				DEVELOPMENT_ASSET_PATHS = "\"0214_SwiftUITutorial/Preview Content\"";
				DEVELOPMENT_TEAM = HSR3SG7L6R;
				ENABLE_PREVIEWS = YES;
				GENERATE_INFOPLIST_FILE = YES;
				INFOPLIST_KEY_UIApplicationSceneManifest_Generation = YES;
				INFOPLIST_KEY_UIApplicationSupportsIndirectInputEvents = YES;
				INFOPLIST_KEY_UILaunchScreen_Generation = YES;
				INFOPLIST_KEY_UISupportedInterfaceOrientations_iPad = "UIInterfaceOrientationPortrait UIInterfaceOrientationPortraitUpsideDown UIInterfaceOrientationLandscapeLeft UIInterfaceOrientationLandscapeRight";
				INFOPLIST_KEY_UISupportedInterfaceOrientations_iPhone = "UIInterfaceOrientationPortrait UIInterfaceOrientationLandscapeLeft UIInterfaceOrientationLandscapeRight";
				LD_RUNPATH_SEARCH_PATHS = (
					"$(inherited)",
					"@executable_path/Frameworks",
				);
				MARKETING_VERSION = 1.0;
				PRODUCT_BUNDLE_IDENTIFIER = "org.comstudy.-214-SwiftUITutorial";
				PRODUCT_NAME = "$(TARGET_NAME)";
				SWIFT_EMIT_LOC_STRINGS = YES;
				SWIFT_VERSION = 5.0;
				TARGETED_DEVICE_FAMILY = "1,2";
			};
			name = Release;
		};
		5EEBE6DA2D5EFC8800754CC7 /* Debug */ = {
			isa = XCBuildConfiguration;
			buildSettings = {
				BUNDLE_LOADER = "$(TEST_HOST)";
				CODE_SIGN_STYLE = Automatic;
				CURRENT_PROJECT_VERSION = 1;
				DEVELOPMENT_TEAM = HSR3SG7L6R;
				GENERATE_INFOPLIST_FILE = YES;
				IPHONEOS_DEPLOYMENT_TARGET = 18.2;
				MARKETING_VERSION = 1.0;
				PRODUCT_BUNDLE_IDENTIFIER = "org.comstudy.-214-SwiftUITutorialTests";
				PRODUCT_NAME = "$(TARGET_NAME)";
				SWIFT_EMIT_LOC_STRINGS = NO;
				SWIFT_VERSION = 5.0;
				TARGETED_DEVICE_FAMILY = "1,2";
				TEST_HOST = "$(BUILT_PRODUCTS_DIR)/0214_SwiftUITutorial.app/$(BUNDLE_EXECUTABLE_FOLDER_PATH)/0214_SwiftUITutorial";
			};
			name = Debug;
		};
		5EEBE6DB2D5EFC8800754CC7 /* Release */ = {
			isa = XCBuildConfiguration;
			buildSettings = {
				BUNDLE_LOADER = "$(TEST_HOST)";
				CODE_SIGN_STYLE = Automatic;
				CURRENT_PROJECT_VERSION = 1;
				DEVELOPMENT_TEAM = HSR3SG7L6R;
				GENERATE_INFOPLIST_FILE = YES;
				IPHONEOS_DEPLOYMENT_TARGET = 18.2;
				MARKETING_VERSION = 1.0;
				PRODUCT_BUNDLE_IDENTIFIER = "org.comstudy.-214-SwiftUITutorialTests";
				PRODUCT_NAME = "$(TARGET_NAME)";
				SWIFT_EMIT_LOC_STRINGS = NO;
				SWIFT_VERSION = 5.0;
				TARGETED_DEVICE_FAMILY = "1,2";
				TEST_HOST = "$(BUILT_PRODUCTS_DIR)/0214_SwiftUITutorial.app/$(BUNDLE_EXECUTABLE_FOLDER_PATH)/0214_SwiftUITutorial";
			};
			name = Release;
		};
		5EEBE6DD2D5EFC8800754CC7 /* Debug */ = {
			isa = XCBuildConfiguration;
			buildSettings = {
				CODE_SIGN_STYLE = Automatic;
				CURRENT_PROJECT_VERSION = 1;
				DEVELOPMENT_TEAM = HSR3SG7L6R;
				GENERATE_INFOPLIST_FILE = YES;
				MARKETING_VERSION = 1.0;
				PRODUCT_BUNDLE_IDENTIFIER = "org.comstudy.-214-SwiftUITutorialUITests";
				PRODUCT_NAME = "$(TARGET_NAME)";
				SWIFT_EMIT_LOC_STRINGS = NO;
				SWIFT_VERSION = 5.0;
				TARGETED_DEVICE_FAMILY = "1,2";
				TEST_TARGET_NAME = 0214_SwiftUITutorial;
			};
			name = Debug;
		};
		5EEBE6DE2D5EFC8800754CC7 /* Release */ = {
			isa = XCBuildConfiguration;
			buildSettings = {
				CODE_SIGN_STYLE = Automatic;
				CURRENT_PROJECT_VERSION = 1;
				DEVELOPMENT_TEAM = HSR3SG7L6R;
				GENERATE_INFOPLIST_FILE = YES;
				MARKETING_VERSION = 1.0;
				PRODUCT_BUNDLE_IDENTIFIER = "org.comstudy.-214-SwiftUITutorialUITests";
				PRODUCT_NAME = "$(TARGET_NAME)";
				SWIFT_EMIT_LOC_STRINGS = NO;
				SWIFT_VERSION = 5.0;
				TARGETED_DEVICE_FAMILY = "1,2";
				TEST_TARGET_NAME = 0214_SwiftUITutorial;
			};
			name = Release;
		};
/* End XCBuildConfiguration section */

/* Begin XCConfigurationList section */
		5EEBE6AD2D5EFC8700754CC7 /* Build configuration list for PBXProject "0214_SwiftUITutorial" */ = {
			isa = XCConfigurationList;
			buildConfigurations = (
				5EEBE6D42D5EFC8800754CC7 /* Debug */,
				5EEBE6D52D5EFC8800754CC7 /* Release */,
			);
			defaultConfigurationIsVisible = 0;
			defaultConfigurationName = Release;
		};
		5EEBE6D62D5EFC8800754CC7 /* Build configuration list for PBXNativeTarget "0214_SwiftUITutorial" */ = {
			isa = XCConfigurationList;
			buildConfigurations = (
				5EEBE6D72D5EFC8800754CC7 /* Debug */,
				5EEBE6D82D5EFC8800754CC7 /* Release */,
			);
			defaultConfigurationIsVisible = 0;
			defaultConfigurationName = Release;
		};
		5EEBE6D92D5EFC8800754CC7 /* Build configuration list for PBXNativeTarget "0214_SwiftUITutorialTests" */ = {
			isa = XCConfigurationList;
			buildConfigurations = (
				5EEBE6DA2D5EFC8800754CC7 /* Debug */,
				5EEBE6DB2D5EFC8800754CC7 /* Release */,
			);
			defaultConfigurationIsVisible = 0;
			defaultConfigurationName = Release;
		};
		5EEBE6DC2D5EFC8800754CC7 /* Build configuration list for PBXNativeTarget "0214_SwiftUITutorialUITests" */ = {
			isa = XCConfigurationList;
			buildConfigurations = (
				5EEBE6DD2D5EFC8800754CC7 /* Debug */,
				5EEBE6DE2D5EFC8800754CC7 /* Release */,
			);
			defaultConfigurationIsVisible = 0;
			defaultConfigurationName = Release;
		};
/* End XCConfigurationList section */
	};
	rootObject = 5EEBE6AA2D5EFC8700754CC7 /* Project object */;
}
