// !$*UTF8*$!
{
	archiveVersion = 1;
	classes = {
	};
	objectVersion = 77;
	objects = {

/* Begin PBXContainerItemProxy section */
		5E51647E2D59A02800B738B9 /* PBXContainerItemProxy */ = {
			isa = PBXContainerItemProxy;
			containerPortal = 5E5164652D59A02600B738B9 /* Project object */;
			proxyType = 1;
			remoteGlobalIDString = 5E51646C2D59A02600B738B9;
			remoteInfo = 0210_SwiftUIEx03;
		};
		5E5164882D59A02800B738B9 /* PBXContainerItemProxy */ = {
			isa = PBXContainerItemProxy;
			containerPortal = 5E5164652D59A02600B738B9 /* Project object */;
			proxyType = 1;
			remoteGlobalIDString = 5E51646C2D59A02600B738B9;
			remoteInfo = 0210_SwiftUIEx03;
		};
/* End PBXContainerItemProxy section */

/* Begin PBXFileReference section */
		5E51646D2D59A02600B738B9 /* 0210_SwiftUIEx03.app */ = {isa = PBXFileReference; explicitFileType = wrapper.application; includeInIndex = 0; path = 0210_SwiftUIEx03.app; sourceTree = BUILT_PRODUCTS_DIR; };
		5E51647D2D59A02800B738B9 /* 0210_SwiftUIEx03Tests.xctest */ = {isa = PBXFileReference; explicitFileType = wrapper.cfbundle; includeInIndex = 0; path = 0210_SwiftUIEx03Tests.xctest; sourceTree = BUILT_PRODUCTS_DIR; };
		5E5164872D59A02800B738B9 /* 0210_SwiftUIEx03UITests.xctest */ = {isa = PBXFileReference; explicitFileType = wrapper.cfbundle; includeInIndex = 0; path = 0210_SwiftUIEx03UITests.xctest; sourceTree = BUILT_PRODUCTS_DIR; };
/* End PBXFileReference section */

/* Begin PBXFileSystemSynchronizedRootGroup section */
		5E51646F2D59A02600B738B9 /* 0210_SwiftUIEx03 */ = {
			isa = PBXFileSystemSynchronizedRootGroup;
			path = 0210_SwiftUIEx03;
			sourceTree = "<group>";
		};
		5E5164802D59A02800B738B9 /* 0210_SwiftUIEx03Tests */ = {
			isa = PBXFileSystemSynchronizedRootGroup;
			path = 0210_SwiftUIEx03Tests;
			sourceTree = "<group>";
		};
		5E51648A2D59A02800B738B9 /* 0210_SwiftUIEx03UITests */ = {
			isa = PBXFileSystemSynchronizedRootGroup;
			path = 0210_SwiftUIEx03UITests;
			sourceTree = "<group>";
		};
/* End PBXFileSystemSynchronizedRootGroup section */

/* Begin PBXFrameworksBuildPhase section */
		5E51646A2D59A02600B738B9 /* Frameworks */ = {
			isa = PBXFrameworksBuildPhase;
			buildActionMask = 2147483647;
			files = (
			);
			runOnlyForDeploymentPostprocessing = 0;
		};
		5E51647A2D59A02800B738B9 /* Frameworks */ = {
			isa = PBXFrameworksBuildPhase;
			buildActionMask = 2147483647;
			files = (
			);
			runOnlyForDeploymentPostprocessing = 0;
		};
		5E5164842D59A02800B738B9 /* Frameworks */ = {
			isa = PBXFrameworksBuildPhase;
			buildActionMask = 2147483647;
			files = (
			);
			runOnlyForDeploymentPostprocessing = 0;
		};
/* End PBXFrameworksBuildPhase section */

/* Begin PBXGroup section */
		5E5164642D59A02600B738B9 = {
			isa = PBXGroup;
			children = (
				5E51646F2D59A02600B738B9 /* 0210_SwiftUIEx03 */,
				5E5164802D59A02800B738B9 /* 0210_SwiftUIEx03Tests */,
				5E51648A2D59A02800B738B9 /* 0210_SwiftUIEx03UITests */,
				5E51646E2D59A02600B738B9 /* Products */,
			);
			sourceTree = "<group>";
		};
		5E51646E2D59A02600B738B9 /* Products */ = {
			isa = PBXGroup;
			children = (
				5E51646D2D59A02600B738B9 /* 0210_SwiftUIEx03.app */,
				5E51647D2D59A02800B738B9 /* 0210_SwiftUIEx03Tests.xctest */,
				5E5164872D59A02800B738B9 /* 0210_SwiftUIEx03UITests.xctest */,
			);
			name = Products;
			sourceTree = "<group>";
		};
/* End PBXGroup section */

/* Begin PBXNativeTarget section */
		5E51646C2D59A02600B738B9 /* 0210_SwiftUIEx03 */ = {
			isa = PBXNativeTarget;
			buildConfigurationList = 5E5164912D59A02800B738B9 /* Build configuration list for PBXNativeTarget "0210_SwiftUIEx03" */;
			buildPhases = (
				5E5164692D59A02600B738B9 /* Sources */,
				5E51646A2D59A02600B738B9 /* Frameworks */,
				5E51646B2D59A02600B738B9 /* Resources */,
			);
			buildRules = (
			);
			dependencies = (
			);
			fileSystemSynchronizedGroups = (
				5E51646F2D59A02600B738B9 /* 0210_SwiftUIEx03 */,
			);
			name = 0210_SwiftUIEx03;
			packageProductDependencies = (
			);
			productName = 0210_SwiftUIEx03;
			productReference = 5E51646D2D59A02600B738B9 /* 0210_SwiftUIEx03.app */;
			productType = "com.apple.product-type.application";
		};
		5E51647C2D59A02800B738B9 /* 0210_SwiftUIEx03Tests */ = {
			isa = PBXNativeTarget;
			buildConfigurationList = 5E5164942D59A02800B738B9 /* Build configuration list for PBXNativeTarget "0210_SwiftUIEx03Tests" */;
			buildPhases = (
				5E5164792D59A02800B738B9 /* Sources */,
				5E51647A2D59A02800B738B9 /* Frameworks */,
				5E51647B2D59A02800B738B9 /* Resources */,
			);
			buildRules = (
			);
			dependencies = (
				5E51647F2D59A02800B738B9 /* PBXTargetDependency */,
			);
			fileSystemSynchronizedGroups = (
				5E5164802D59A02800B738B9 /* 0210_SwiftUIEx03Tests */,
			);
			name = 0210_SwiftUIEx03Tests;
			packageProductDependencies = (
			);
			productName = 0210_SwiftUIEx03Tests;
			productReference = 5E51647D2D59A02800B738B9 /* 0210_SwiftUIEx03Tests.xctest */;
			productType = "com.apple.product-type.bundle.unit-test";
		};
		5E5164862D59A02800B738B9 /* 0210_SwiftUIEx03UITests */ = {
			isa = PBXNativeTarget;
			buildConfigurationList = 5E5164972D59A02800B738B9 /* Build configuration list for PBXNativeTarget "0210_SwiftUIEx03UITests" */;
			buildPhases = (
				5E5164832D59A02800B738B9 /* Sources */,
				5E5164842D59A02800B738B9 /* Frameworks */,
				5E5164852D59A02800B738B9 /* Resources */,
			);
			buildRules = (
			);
			dependencies = (
				5E5164892D59A02800B738B9 /* PBXTargetDependency */,
			);
			fileSystemSynchronizedGroups = (
				5E51648A2D59A02800B738B9 /* 0210_SwiftUIEx03UITests */,
			);
			name = 0210_SwiftUIEx03UITests;
			packageProductDependencies = (
			);
			productName = 0210_SwiftUIEx03UITests;
			productReference = 5E5164872D59A02800B738B9 /* 0210_SwiftUIEx03UITests.xctest */;
			productType = "com.apple.product-type.bundle.ui-testing";
		};
/* End PBXNativeTarget section */

/* Begin PBXProject section */
		5E5164652D59A02600B738B9 /* Project object */ = {
			isa = PBXProject;
			attributes = {
				BuildIndependentTargetsInParallel = 1;
				LastSwiftUpdateCheck = 1600;
				LastUpgradeCheck = 1600;
				TargetAttributes = {
					5E51646C2D59A02600B738B9 = {
						CreatedOnToolsVersion = 16.0;
					};
					5E51647C2D59A02800B738B9 = {
						CreatedOnToolsVersion = 16.0;
						TestTargetID = 5E51646C2D59A02600B738B9;
					};
					5E5164862D59A02800B738B9 = {
						CreatedOnToolsVersion = 16.0;
						TestTargetID = 5E51646C2D59A02600B738B9;
					};
				};
			};
			buildConfigurationList = 5E5164682D59A02600B738B9 /* Build configuration list for PBXProject "0210_SwiftUIEx03" */;
			developmentRegion = en;
			hasScannedForEncodings = 0;
			knownRegions = (
				en,
				Base,
			);
			mainGroup = 5E5164642D59A02600B738B9;
			minimizedProjectReferenceProxies = 1;
			preferredProjectObjectVersion = 77;
			productRefGroup = 5E51646E2D59A02600B738B9 /* Products */;
			projectDirPath = "";
			projectRoot = "";
			targets = (
				5E51646C2D59A02600B738B9 /* 0210_SwiftUIEx03 */,
				5E51647C2D59A02800B738B9 /* 0210_SwiftUIEx03Tests */,
				5E5164862D59A02800B738B9 /* 0210_SwiftUIEx03UITests */,
			);
		};
/* End PBXProject section */

/* Begin PBXResourcesBuildPhase section */
		5E51646B2D59A02600B738B9 /* Resources */ = {
			isa = PBXResourcesBuildPhase;
			buildActionMask = 2147483647;
			files = (
			);
			runOnlyForDeploymentPostprocessing = 0;
		};
		5E51647B2D59A02800B738B9 /* Resources */ = {
			isa = PBXResourcesBuildPhase;
			buildActionMask = 2147483647;
			files = (
			);
			runOnlyForDeploymentPostprocessing = 0;
		};
		5E5164852D59A02800B738B9 /* Resources */ = {
			isa = PBXResourcesBuildPhase;
			buildActionMask = 2147483647;
			files = (
			);
			runOnlyForDeploymentPostprocessing = 0;
		};
/* End PBXResourcesBuildPhase section */

/* Begin PBXSourcesBuildPhase section */
		5E5164692D59A02600B738B9 /* Sources */ = {
			isa = PBXSourcesBuildPhase;
			buildActionMask = 2147483647;
			files = (
			);
			runOnlyForDeploymentPostprocessing = 0;
		};
		5E5164792D59A02800B738B9 /* Sources */ = {
			isa = PBXSourcesBuildPhase;
			buildActionMask = 2147483647;
			files = (
			);
			runOnlyForDeploymentPostprocessing = 0;
		};
		5E5164832D59A02800B738B9 /* Sources */ = {
			isa = PBXSourcesBuildPhase;
			buildActionMask = 2147483647;
			files = (
			);
			runOnlyForDeploymentPostprocessing = 0;
		};
/* End PBXSourcesBuildPhase section */

/* Begin PBXTargetDependency section */
		5E51647F2D59A02800B738B9 /* PBXTargetDependency */ = {
			isa = PBXTargetDependency;
			target = 5E51646C2D59A02600B738B9 /* 0210_SwiftUIEx03 */;
			targetProxy = 5E51647E2D59A02800B738B9 /* PBXContainerItemProxy */;
		};
		5E5164892D59A02800B738B9 /* PBXTargetDependency */ = {
			isa = PBXTargetDependency;
			target = 5E51646C2D59A02600B738B9 /* 0210_SwiftUIEx03 */;
			targetProxy = 5E5164882D59A02800B738B9 /* PBXContainerItemProxy */;
		};
/* End PBXTargetDependency section */

/* Begin XCBuildConfiguration section */
		5E51648F2D59A02800B738B9 /* Debug */ = {
			isa = XCBuildConfiguration;
			buildSettings = {
				ALWAYS_SEARCH_USER_PATHS = NO;
				ASSETCATALOG_COMPILER_GENERATE_SWIFT_ASSET_SYMBOL_EXTENSIONS = YES;
				CLANG_ANALYZER_NONNULL = YES;
				CLANG_ANALYZER_NUMBER_OBJECT_CONVERSION = YES_AGGRESSIVE;
				CLANG_CXX_LANGUAGE_STANDARD = "gnu++20";
				CLANG_ENABLE_MODULES = YES;
				CLANG_ENABLE_OBJC_ARC = YES;
				CLANG_ENABLE_OBJC_WEAK = YES;
				CLANG_WARN_BLOCK_CAPTURE_AUTORELEASING = YES;
				CLANG_WARN_BOOL_CONVERSION = YES;
				CLANG_WARN_COMMA = YES;
				CLANG_WARN_CONSTANT_CONVERSION = YES;
				CLANG_WARN_DEPRECATED_OBJC_IMPLEMENTATIONS = YES;
				CLANG_WARN_DIRECT_OBJC_ISA_USAGE = YES_ERROR;
				CLANG_WARN_DOCUMENTATION_COMMENTS = YES;
				CLANG_WARN_EMPTY_BODY = YES;
				CLANG_WARN_ENUM_CONVERSION = YES;
				CLANG_WARN_INFINITE_RECURSION = YES;
				CLANG_WARN_INT_CONVERSION = YES;
				CLANG_WARN_NON_LITERAL_NULL_CONVERSION = YES;
				CLANG_WARN_OBJC_IMPLICIT_RETAIN_SELF = YES;
				CLANG_WARN_OBJC_LITERAL_CONVERSION = YES;
				CLANG_WARN_OBJC_ROOT_CLASS = YES_ERROR;
				CLANG_WARN_QUOTED_INCLUDE_IN_FRAMEWORK_HEADER = YES;
				CLANG_WARN_RANGE_LOOP_ANALYSIS = YES;
				CLANG_WARN_STRICT_PROTOTYPES = YES;
				CLANG_WARN_SUSPICIOUS_MOVE = YES;
				CLANG_WARN_UNGUARDED_AVAILABILITY = YES_AGGRESSIVE;
				CLANG_WARN_UNREACHABLE_CODE = YES;
				CLANG_WARN__DUPLICATE_METHOD_MATCH = YES;
				COPY_PHASE_STRIP = NO;
				DEBUG_INFORMATION_FORMAT = dwarf;
				ENABLE_STRICT_OBJC_MSGSEND = YES;
				ENABLE_TESTABILITY = YES;
				ENABLE_USER_SCRIPT_SANDBOXING = YES;
				GCC_C_LANGUAGE_STANDARD = gnu17;
				GCC_DYNAMIC_NO_PIC = NO;
				GCC_NO_COMMON_BLOCKS = YES;
				GCC_OPTIMIZATION_LEVEL = 0;
				GCC_PREPROCESSOR_DEFINITIONS = (
					"DEBUG=1",
					"$(inherited)",
				);
				GCC_WARN_64_TO_32_BIT_CONVERSION = YES;
				GCC_WARN_ABOUT_RETURN_TYPE = YES_ERROR;
				GCC_WARN_UNDECLARED_SELECTOR = YES;
				GCC_WARN_UNINITIALIZED_AUTOS = YES_AGGRESSIVE;
				GCC_WARN_UNUSED_FUNCTION = YES;
				GCC_WARN_UNUSED_VARIABLE = YES;
				IPHONEOS_DEPLOYMENT_TARGET = 18.0;
				LOCALIZATION_PREFERS_STRING_CATALOGS = YES;
				MTL_ENABLE_DEBUG_INFO = INCLUDE_SOURCE;
				MTL_FAST_MATH = YES;
				ONLY_ACTIVE_ARCH = YES;
				SDKROOT = iphoneos;
				SWIFT_ACTIVE_COMPILATION_CONDITIONS = "DEBUG $(inherited)";
				SWIFT_OPTIMIZATION_LEVEL = "-Onone";
			};
			name = Debug;
		};
		5E5164902D59A02800B738B9 /* Release */ = {
			isa = XCBuildConfiguration;
			buildSettings = {
				ALWAYS_SEARCH_USER_PATHS = NO;
				ASSETCATALOG_COMPILER_GENERATE_SWIFT_ASSET_SYMBOL_EXTENSIONS = YES;
				CLANG_ANALYZER_NONNULL = YES;
				CLANG_ANALYZER_NUMBER_OBJECT_CONVERSION = YES_AGGRESSIVE;
				CLANG_CXX_LANGUAGE_STANDARD = "gnu++20";
				CLANG_ENABLE_MODULES = YES;
				CLANG_ENABLE_OBJC_ARC = YES;
				CLANG_ENABLE_OBJC_WEAK = YES;
				CLANG_WARN_BLOCK_CAPTURE_AUTORELEASING = YES;
				CLANG_WARN_BOOL_CONVERSION = YES;
				CLANG_WARN_COMMA = YES;
				CLANG_WARN_CONSTANT_CONVERSION = YES;
				CLANG_WARN_DEPRECATED_OBJC_IMPLEMENTATIONS = YES;
				CLANG_WARN_DIRECT_OBJC_ISA_USAGE = YES_ERROR;
				CLANG_WARN_DOCUMENTATION_COMMENTS = YES;
				CLANG_WARN_EMPTY_BODY = YES;
				CLANG_WARN_ENUM_CONVERSION = YES;
				CLANG_WARN_INFINITE_RECURSION = YES;
				CLANG_WARN_INT_CONVERSION = YES;
				CLANG_WARN_NON_LITERAL_NULL_CONVERSION = YES;
				CLANG_WARN_OBJC_IMPLICIT_RETAIN_SELF = YES;
				CLANG_WARN_OBJC_LITERAL_CONVERSION = YES;
				CLANG_WARN_OBJC_ROOT_CLASS = YES_ERROR;
				CLANG_WARN_QUOTED_INCLUDE_IN_FRAMEWORK_HEADER = YES;
				CLANG_WARN_RANGE_LOOP_ANALYSIS = YES;
				CLANG_WARN_STRICT_PROTOTYPES = YES;
				CLANG_WARN_SUSPICIOUS_MOVE = YES;
				CLANG_WARN_UNGUARDED_AVAILABILITY = YES_AGGRESSIVE;
				CLANG_WARN_UNREACHABLE_CODE = YES;
				CLANG_WARN__DUPLICATE_METHOD_MATCH = YES;
				COPY_PHASE_STRIP = NO;
				DEBUG_INFORMATION_FORMAT = "dwarf-with-dsym";
				ENABLE_NS_ASSERTIONS = NO;
				ENABLE_STRICT_OBJC_MSGSEND = YES;
				ENABLE_USER_SCRIPT_SANDBOXING = YES;
				GCC_C_LANGUAGE_STANDARD = gnu17;
				GCC_NO_COMMON_BLOCKS = YES;
				GCC_WARN_64_TO_32_BIT_CONVERSION = YES;
				GCC_WARN_ABOUT_RETURN_TYPE = YES_ERROR;
				GCC_WARN_UNDECLARED_SELECTOR = YES;
				GCC_WARN_UNINITIALIZED_AUTOS = YES_AGGRESSIVE;
				GCC_WARN_UNUSED_FUNCTION = YES;
				GCC_WARN_UNUSED_VARIABLE = YES;
				IPHONEOS_DEPLOYMENT_TARGET = 18.0;
				LOCALIZATION_PREFERS_STRING_CATALOGS = YES;
				MTL_ENABLE_DEBUG_INFO = NO;
				MTL_FAST_MATH = YES;
				SDKROOT = iphoneos;
				SWIFT_COMPILATION_MODE = wholemodule;
				VALIDATE_PRODUCT = YES;
			};
			name = Release;
		};
		5E5164922D59A02800B738B9 /* Debug */ = {
			isa = XCBuildConfiguration;
			buildSettings = {
				ASSETCATALOG_COMPILER_APPICON_NAME = AppIcon;
				ASSETCATALOG_COMPILER_GLOBAL_ACCENT_COLOR_NAME = AccentColor;
				CODE_SIGN_STYLE = Automatic;
				CURRENT_PROJECT_VERSION = 1;
				DEVELOPMENT_ASSET_PATHS = "\"0210_SwiftUIEx03/Preview Content\"";
				DEVELOPMENT_TEAM = HSR3SG7L6R;
				ENABLE_PREVIEWS = YES;
				GENERATE_INFOPLIST_FILE = YES;
				INFOPLIST_KEY_UIApplicationSceneManifest_Generation = YES;
				INFOPLIST_KEY_UIApplicationSupportsIndirectInputEvents = YES;
				INFOPLIST_KEY_UILaunchScreen_Generation = YES;
				INFOPLIST_KEY_UISupportedInterfaceOrientations_iPad = "UIInterfaceOrientationPortrait UIInterfaceOrientationPortraitUpsideDown UIInterfaceOrientationLandscapeLeft UIInterfaceOrientationLandscapeRight";
				INFOPLIST_KEY_UISupportedInterfaceOrientations_iPhone = "UIInterfaceOrientationPortrait UIInterfaceOrientationLandscapeLeft UIInterfaceOrientationLandscapeRight";
				IPHONEOS_DEPLOYMENT_TARGET = 18.0;
				LD_RUNPATH_SEARCH_PATHS = (
					"$(inherited)",
					"@executable_path/Frameworks",
				);
				MARKETING_VERSION = 1.0;
				PRODUCT_BUNDLE_IDENTIFIER = "org.comstudy.day02.-210-SwiftUIEx03";
				PRODUCT_NAME = "$(TARGET_NAME)";
				SWIFT_EMIT_LOC_STRINGS = YES;
				SWIFT_VERSION = 5.0;
				TARGETED_DEVICE_FAMILY = "1,2";
			};
			name = Debug;
		};
		5E5164932D59A02800B738B9 /* Release */ = {
			isa = XCBuildConfiguration;
			buildSettings = {
				ASSETCATALOG_COMPILER_APPICON_NAME = AppIcon;
				ASSETCATALOG_COMPILER_GLOBAL_ACCENT_COLOR_NAME = AccentColor;
				CODE_SIGN_STYLE = Automatic;
				CURRENT_PROJECT_VERSION = 1;
				DEVELOPMENT_ASSET_PATHS = "\"0210_SwiftUIEx03/Preview Content\"";
				DEVELOPMENT_TEAM = HSR3SG7L6R;
				ENABLE_PREVIEWS = YES;
				GENERATE_INFOPLIST_FILE = YES;
				INFOPLIST_KEY_UIApplicationSceneManifest_Generation = YES;
				INFOPLIST_KEY_UIApplicationSupportsIndirectInputEvents = YES;
				INFOPLIST_KEY_UILaunchScreen_Generation = YES;
				INFOPLIST_KEY_UISupportedInterfaceOrientations_iPad = "UIInterfaceOrientationPortrait UIInterfaceOrientationPortraitUpsideDown UIInterfaceOrientationLandscapeLeft UIInterfaceOrientationLandscapeRight";
				INFOPLIST_KEY_UISupportedInterfaceOrientations_iPhone = "UIInterfaceOrientationPortrait UIInterfaceOrientationLandscapeLeft UIInterfaceOrientationLandscapeRight";
				IPHONEOS_DEPLOYMENT_TARGET = 18.0;
				LD_RUNPATH_SEARCH_PATHS = (
					"$(inherited)",
					"@executable_path/Frameworks",
				);
				MARKETING_VERSION = 1.0;
				PRODUCT_BUNDLE_IDENTIFIER = "org.comstudy.day02.-210-SwiftUIEx03";
				PRODUCT_NAME = "$(TARGET_NAME)";
				SWIFT_EMIT_LOC_STRINGS = YES;
				SWIFT_VERSION = 5.0;
				TARGETED_DEVICE_FAMILY = "1,2";
			};
			name = Release;
		};
		5E5164952D59A02800B738B9 /* Debug */ = {
			isa = XCBuildConfiguration;
			buildSettings = {
				BUNDLE_LOADER = "$(TEST_HOST)";
				CODE_SIGN_STYLE = Automatic;
				CURRENT_PROJECT_VERSION = 1;
				DEVELOPMENT_TEAM = HSR3SG7L6R;
				GENERATE_INFOPLIST_FILE = YES;
				IPHONEOS_DEPLOYMENT_TARGET = 18.0;
				MARKETING_VERSION = 1.0;
				PRODUCT_BUNDLE_IDENTIFIER = "org.comstudy.day02.-210-SwiftUIEx03Tests";
				PRODUCT_NAME = "$(TARGET_NAME)";
				SWIFT_EMIT_LOC_STRINGS = NO;
				SWIFT_VERSION = 5.0;
				TARGETED_DEVICE_FAMILY = "1,2";
				TEST_HOST = "$(BUILT_PRODUCTS_DIR)/0210_SwiftUIEx03.app/$(BUNDLE_EXECUTABLE_FOLDER_PATH)/0210_SwiftUIEx03";
			};
			name = Debug;
		};
		5E5164962D59A02800B738B9 /* Release */ = {
			isa = XCBuildConfiguration;
			buildSettings = {
				BUNDLE_LOADER = "$(TEST_HOST)";
				CODE_SIGN_STYLE = Automatic;
				CURRENT_PROJECT_VERSION = 1;
				DEVELOPMENT_TEAM = HSR3SG7L6R;
				GENERATE_INFOPLIST_FILE = YES;
				IPHONEOS_DEPLOYMENT_TARGET = 18.0;
				MARKETING_VERSION = 1.0;
				PRODUCT_BUNDLE_IDENTIFIER = "org.comstudy.day02.-210-SwiftUIEx03Tests";
				PRODUCT_NAME = "$(TARGET_NAME)";
				SWIFT_EMIT_LOC_STRINGS = NO;
				SWIFT_VERSION = 5.0;
				TARGETED_DEVICE_FAMILY = "1,2";
				TEST_HOST = "$(BUILT_PRODUCTS_DIR)/0210_SwiftUIEx03.app/$(BUNDLE_EXECUTABLE_FOLDER_PATH)/0210_SwiftUIEx03";
			};
			name = Release;
		};
		5E5164982D59A02800B738B9 /* Debug */ = {
			isa = XCBuildConfiguration;
			buildSettings = {
				CODE_SIGN_STYLE = Automatic;
				CURRENT_PROJECT_VERSION = 1;
				DEVELOPMENT_TEAM = HSR3SG7L6R;
				GENERATE_INFOPLIST_FILE = YES;
				MARKETING_VERSION = 1.0;
				PRODUCT_BUNDLE_IDENTIFIER = "org.comstudy.day02.-210-SwiftUIEx03UITests";
				PRODUCT_NAME = "$(TARGET_NAME)";
				SWIFT_EMIT_LOC_STRINGS = NO;
				SWIFT_VERSION = 5.0;
				TARGETED_DEVICE_FAMILY = "1,2";
				TEST_TARGET_NAME = 0210_SwiftUIEx03;
			};
			name = Debug;
		};
		5E5164992D59A02800B738B9 /* Release */ = {
			isa = XCBuildConfiguration;
			buildSettings = {
				CODE_SIGN_STYLE = Automatic;
				CURRENT_PROJECT_VERSION = 1;
				DEVELOPMENT_TEAM = HSR3SG7L6R;
				GENERATE_INFOPLIST_FILE = YES;
				MARKETING_VERSION = 1.0;
				PRODUCT_BUNDLE_IDENTIFIER = "org.comstudy.day02.-210-SwiftUIEx03UITests";
				PRODUCT_NAME = "$(TARGET_NAME)";
				SWIFT_EMIT_LOC_STRINGS = NO;
				SWIFT_VERSION = 5.0;
				TARGETED_DEVICE_FAMILY = "1,2";
				TEST_TARGET_NAME = 0210_SwiftUIEx03;
			};
			name = Release;
		};
/* End XCBuildConfiguration section */

/* Begin XCConfigurationList section */
		5E5164682D59A02600B738B9 /* Build configuration list for PBXProject "0210_SwiftUIEx03" */ = {
			isa = XCConfigurationList;
			buildConfigurations = (
				5E51648F2D59A02800B738B9 /* Debug */,
				5E5164902D59A02800B738B9 /* Release */,
			);
			defaultConfigurationIsVisible = 0;
			defaultConfigurationName = Release;
		};
		5E5164912D59A02800B738B9 /* Build configuration list for PBXNativeTarget "0210_SwiftUIEx03" */ = {
			isa = XCConfigurationList;
			buildConfigurations = (
				5E5164922D59A02800B738B9 /* Debug */,
				5E5164932D59A02800B738B9 /* Release */,
			);
			defaultConfigurationIsVisible = 0;
			defaultConfigurationName = Release;
		};
		5E5164942D59A02800B738B9 /* Build configuration list for PBXNativeTarget "0210_SwiftUIEx03Tests" */ = {
			isa = XCConfigurationList;
			buildConfigurations = (
				5E5164952D59A02800B738B9 /* Debug */,
				5E5164962D59A02800B738B9 /* Release */,
			);
			defaultConfigurationIsVisible = 0;
			defaultConfigurationName = Release;
		};
		5E5164972D59A02800B738B9 /* Build configuration list for PBXNativeTarget "0210_SwiftUIEx03UITests" */ = {
			isa = XCConfigurationList;
			buildConfigurations = (
				5E5164982D59A02800B738B9 /* Debug */,
				5E5164992D59A02800B738B9 /* Release */,
			);
			defaultConfigurationIsVisible = 0;
			defaultConfigurationName = Release;
		};
/* End XCConfigurationList section */
	};
	rootObject = 5E5164652D59A02600B738B9 /* Project object */;
}
